PODS:
  - GEAppConfig/Core (0.0.1):
    - FTLinearActivityIndicator
    - GEDebugKit
    - GEFoundation
    - GETracing
    - GEUIKit
    - JGProgressHUD
    - Watchdog
  - GEContinuousIntegration (0.1.4)
  - GEFoundation (0.1.1):
    - GETracing (~> 0.1)
  - GETracing (0.1.2)
  - GEXcodeBuildPhases (0.0.1):
    - GEXcodeScripts
  - GEXcodeScripts (0.1)
  - MASShortcut (2.4.0)
  - SimulatorRecorder (0.1):
    - SimulatorRecorder/Tests-Sources (= 0.1)
  - SimulatorRecorder/Tests-Sources (0.1)

DEPENDENCIES:
  - GEAppConfig/Core
  - GEContinuousIntegration
  - GEFoundation
  - GETracing
  - GEXcodeBuildPhases
  - GEXcodeScripts
  - MASShortcut
  - SimulatorRecorder (from `.`)
  - SimulatorRecorder/Tests-Sources (from `.`)

SPEC REPOS:
  https://github.com/grigorye/podspecs.git:
    - GEAppConfig
    - GEContinuousIntegration
    - GEFoundation
    - GETracing
    - GEXcodeBuildPhases
    - GEXcodeScripts
  trunk:
    - MASShortcut

EXTERNAL SOURCES:
  SimulatorRecorder:
    :path: "."

SPEC CHECKSUMS:
  GEAppConfig: 9f4ac5a10f210376fdde2eac3f78097c02a90cbc
  GEContinuousIntegration: cf34074a2e5e907195763903915a37d68479de3e
  GEFoundation: 39c91037bcb7439f9345586985124e0ce53e0b70
  GETracing: 241966698cc91e5f29a8fc19c5a2197a83801802
  GEXcodeBuildPhases: a574d19bbb0c7b4ff6a25ee119e358618e2e4276
  GEXcodeScripts: 889cb43332b054ff6994d3facb993d188d5965c8
  MASShortcut: d9e4909e878661cc42877cc9d6efbe638273ab57
  SimulatorRecorder: 93ebbf2887bbb84dff73756472ac920a62c8946c

PODFILE CHECKSUM: 602534836d1a05d4a55ccd3586e237a5782e0ade

COCOAPODS: 1.10.1
