PODS:
  - Crashlytics (3.12.0):
    - Fabric (~> 1.9.0)
  - Fabric (1.9.0)
  - GEAppConfig/Analytics (0.0.1):
    - FTLinearActivityIndicator
    - GEDebugKit
    - GEFoundation
    - GETracing
    - GEUIKit
    - JGProgressHUD
    - Watchdog
  - GEAppConfig/Answers (0.0.1):
    - Crashlytics
    - Fabric
    - FTLinearActivityIndicator
    - GEAppConfig/Analytics
    - GEDebugKit
    - GEFoundation
    - GETracing
    - GEUIKit
    - JGProgressHUD
    - Watchdog
  - GEAppConfig/Core (0.0.1):
    - FTLinearActivityIndicator
    - GEDebugKit
    - GEFoundation
    - GETracing
    - GEUIKit
    - JGProgressHUD
    - Watchdog
  - GEAppConfig/Crashlytics (0.0.1):
    - Crashlytics
    - Fabric
    - FTLinearActivityIndicator
    - GEAppConfig/Analytics
    - GEDebugKit
    - GEFoundation
    - GETracing
    - GEUIKit
    - JGProgressHUD
    - Watchdog
  - GEContinuousIntegration (0.1.1)
  - GEFoundation (0.1):
    - GETracing (~> 0.1)
  - GETracing (0.1.1)
  - GEXcodeBuildPhases (0.0.1):
    - GEXcodeScripts
  - GEXcodeScripts (0.1)
  - MASShortcut (2.3.6)
  - SimulatorRecorder (0.1):
    - SimulatorRecorder/Tests-Sources (= 0.1)
  - SimulatorRecorder/Tests-Sources (0.1)

DEPENDENCIES:
  - Crashlytics
  - Fabric
  - GEAppConfig/Answers
  - GEAppConfig/Core
  - GEAppConfig/Crashlytics
  - GEContinuousIntegration
  - GEFoundation
  - GETracing
  - GEXcodeBuildPhases
  - GEXcodeScripts
  - MASShortcut
  - SimulatorRecorder (from `.`)
  - SimulatorRecorder/Tests-Sources (from `.`)

SPEC REPOS:
  https://github.com/cocoapods/specs.git:
    - Crashlytics
    - Fabric
    - MASShortcut
  https://github.com/grigorye/podspecs.git:
    - GEAppConfig
    - GEContinuousIntegration
    - GEFoundation
    - GETracing
    - GEXcodeBuildPhases
    - GEXcodeScripts

EXTERNAL SOURCES:
  SimulatorRecorder:
    :path: "."

SPEC CHECKSUMS:
  Crashlytics: 07fb167b1694128c1c9a5a5cc319b0e9c3ca0933
  Fabric: f988e33c97f08930a413e08123064d2e5f68d655
  GEAppConfig: 9803c239cc1661196dd2a6f25253851a7beaab7e
  GEContinuousIntegration: c8be3f98da613a38102d75c071bc2f206392a494
  GEFoundation: e035ccce3b81967d59ad05a64a87aad5c37702ac
  GETracing: 10d925bf3e557093d9c9d36f28397a6e85000fed
  GEXcodeBuildPhases: f84107cc49a9dd52e856b2dc4cf5eeb64320fc28
  GEXcodeScripts: 889cb43332b054ff6994d3facb993d188d5965c8
  MASShortcut: 9c215e8a8a78f3d01ce56da48e2730ab66b538fa
  SimulatorRecorder: e5a02a7d155c6064c359da43f95d2b8ca5b8318d

PODFILE CHECKSUM: 172a4a2c920177e5ae3e2384debf30550f117935

COCOAPODS: 1.5.3
