// !$*UTF8*$!
{
	archiveVersion = 1;
	classes = {
	};
	objectVersion = 48;
	objects = {

/* Begin PBXBuildFile section */
		5273596510B17FB09465CAC5 /* Pods_SimulatorRecorderUITests.framework in Frameworks */ = {isa = PBXBuildFile; fileRef = 282BDF2415B3B404B7353207 /* Pods_SimulatorRecorderUITests.framework */; };
		695C2F947C551C4842788162 /* Pods_SimulatorRecorderTests.framework in Frameworks */ = {isa = PBXBuildFile; fileRef = E48D5E4F890AEAEF8732FA99 /* Pods_SimulatorRecorderTests.framework */; };
		A15646672104A64F00AC9CF1 /* prepareBrew in Resources */ = {isa = PBXBuildFile; fileRef = A15646662104A64F00AC9CF1 /* prepareBrew */; };
		A181382B20FF221A002CCD7C /* RecordingController.swift in Sources */ = {isa = PBXBuildFile; fileRef = A181382A20FF221A002CCD7C /* RecordingController.swift */; };
		A1A19F5C202A2498004170D8 /* RecordingNameFormatTransformer.swift in Sources */ = {isa = PBXBuildFile; fileRef = A1A19F5B202A2498004170D8 /* RecordingNameFormatTransformer.swift */; };
		C4088C58211764B2000CE9B8 /* ExportableImports.swift in Sources */ = {isa = PBXBuildFile; fileRef = C4088C57211764B2000CE9B8 /* ExportableImports.swift */; };
		C41152A62028F78300DDB293 /* PathFromFilePathOrURLTransformer.swift in Sources */ = {isa = PBXBuildFile; fileRef = C41152A52028F78300DDB293 /* PathFromFilePathOrURLTransformer.swift */; };
		C41152A820290B1D00DDB293 /* DefaultsRegistration.swift in Sources */ = {isa = PBXBuildFile; fileRef = C41152A720290B1D00DDB293 /* DefaultsRegistration.swift */; };
		C41152AA20291E8C00DDB293 /* StatusItemController.swift in Sources */ = {isa = PBXBuildFile; fileRef = C41152A920291E8C00DDB293 /* StatusItemController.swift */; };
		C41152AC2029224000DDB293 /* StatusItem.xib in Resources */ = {isa = PBXBuildFile; fileRef = C41152AB2029224000DDB293 /* StatusItem.xib */; };
		C41152AE20292F7D00DDB293 /* PreferencesWindowController.swift in Sources */ = {isa = PBXBuildFile; fileRef = C41152AD20292F7D00DDB293 /* PreferencesWindowController.swift */; };
		C41F4C362028B3200090E79B /* Defaults.plist in Resources */ = {isa = PBXBuildFile; fileRef = C41F4C352028B3200090E79B /* Defaults.plist */; };
		C424A24E2025A88B00320E48 /* main.swift in Sources */ = {isa = PBXBuildFile; fileRef = C424A24D2025A88B00320E48 /* main.swift */; };
		C428604B214B3EA500825AB1 /* AppStatusIcon.swift in Sources */ = {isa = PBXBuildFile; fileRef = C428604A214B3EA500825AB1 /* AppStatusIcon.swift */; };
		C428604D214B3EE100825AB1 /* AppStatusItemControllerSource.swift in Sources */ = {isa = PBXBuildFile; fileRef = C428604C214B3EE100825AB1 /* AppStatusItemControllerSource.swift */; };
		C43380DC21599FDB00A28F54 /* DockTileController.swift in Sources */ = {isa = PBXBuildFile; fileRef = C43380D921599E8400A28F54 /* DockTileController.swift */; };
		C43380DE2159A38400A28F54 /* AppDockTileIcon.swift in Sources */ = {isa = PBXBuildFile; fileRef = C43380DD2159A38400A28F54 /* AppDockTileIcon.swift */; };
		C433AE26211E3D1E000A8501 /* Defaults.swift in Sources */ = {isa = PBXBuildFile; fileRef = C433AE25211E3D1E000A8501 /* Defaults.swift */; };
		C43FFB592129CCE300F36526 /* RecordingControllerRecordingState.swift in Sources */ = {isa = PBXBuildFile; fileRef = C43FFB582129CCE300F36526 /* RecordingControllerRecordingState.swift */; };
		C43FFB5B2129D15000F36526 /* ObservableRecordingState.swift in Sources */ = {isa = PBXBuildFile; fileRef = C43FFB5A2129D15000F36526 /* ObservableRecordingState.swift */; };
		C46C530C211A6FF00041D8C6 /* RecordingInteractor.swift in Sources */ = {isa = PBXBuildFile; fileRef = C46C530B211A6FF00041D8C6 /* RecordingInteractor.swift */; };
		C479DDA2202266BF00E0A11D /* AppDelegate.swift in Sources */ = {isa = PBXBuildFile; fileRef = C479DDA1202266BF00E0A11D /* AppDelegate.swift */; };
		C479DDA4202266BF00E0A11D /* ViewController.swift in Sources */ = {isa = PBXBuildFile; fileRef = C479DDA3202266BF00E0A11D /* ViewController.swift */; };
		C479DDA6202266BF00E0A11D /* Assets.xcassets in Resources */ = {isa = PBXBuildFile; fileRef = C479DDA5202266BF00E0A11D /* Assets.xcassets */; };
		C479DDA9202266BF00E0A11D /* Main.storyboard in Resources */ = {isa = PBXBuildFile; fileRef = C479DDA7202266BF00E0A11D /* Main.storyboard */; };
		C479DDB5202266C000E0A11D /* SimulatorRecorderTests.swift in Sources */ = {isa = PBXBuildFile; fileRef = C479DDB4202266C000E0A11D /* SimulatorRecorderTests.swift */; };
		C479DDC0202266C000E0A11D /* SimulatorRecorderUITests.swift in Sources */ = {isa = PBXBuildFile; fileRef = C479DDBF202266C000E0A11D /* SimulatorRecorderUITests.swift */; };
		C479DDD720226D8200E0A11D /* simulatorName in Resources */ = {isa = PBXBuildFile; fileRef = C479DDCE20226B2300E0A11D /* simulatorName */; };
		C479DDD820226D8200E0A11D /* recordVideo in Resources */ = {isa = PBXBuildFile; fileRef = C479DDCF20226B2400E0A11D /* recordVideo */; };
		C479DDDB20227A7900E0A11D /* timestamp in Resources */ = {isa = PBXBuildFile; fileRef = C479DDDA20227A7900E0A11D /* timestamp */; };
		C479DDE12023EA8E00E0A11D /* RecordingNamingPreferencesViewController.swift in Sources */ = {isa = PBXBuildFile; fileRef = C479DDE02023EA8E00E0A11D /* RecordingNamingPreferencesViewController.swift */; };
		C479DDE32023ECE100E0A11D /* RecordingNameFieldDelegate.swift in Sources */ = {isa = PBXBuildFile; fileRef = C479DDE22023ECE100E0A11D /* RecordingNameFieldDelegate.swift */; };
		C479DDE52023FEE800E0A11D /* RecordingNameTokenObject.swift in Sources */ = {isa = PBXBuildFile; fileRef = C479DDE42023FEE800E0A11D /* RecordingNameTokenObject.swift */; };
		C4844F1B202A5BA100FFB5BA /* Preferences.storyboard in Resources */ = {isa = PBXBuildFile; fileRef = C4844F19202A5B7500FFB5BA /* Preferences.storyboard */; };
		C4844F1D202A722100FFB5BA /* PopUpButtonLikePathControl.swift in Sources */ = {isa = PBXBuildFile; fileRef = C4844F1C202A722100FFB5BA /* PopUpButtonLikePathControl.swift */; };
		C497D2DF2152C4A900D2AE93 /* ShortcutBinding.swift in Sources */ = {isa = PBXBuildFile; fileRef = C497D2DE2152C4A900D2AE93 /* ShortcutBinding.swift */; };
		C4AC52F8202662C2005A0FCD /* RecordingNameToken.swift in Sources */ = {isa = PBXBuildFile; fileRef = C4AC52F7202662C2005A0FCD /* RecordingNameToken.swift */; };
		C4AC951A212757670070A911 /* SimulatorController.swift in Sources */ = {isa = PBXBuildFile; fileRef = C4AC9519212757670070A911 /* SimulatorController.swift */; };
		C4C597D42159A6A0006F7640 /* AppDockTileControllerDataSource.swift in Sources */ = {isa = PBXBuildFile; fileRef = C4C597D32159A6A0006F7640 /* AppDockTileControllerDataSource.swift */; };
		C4CC78CD2161841000300C65 /* MainWindowController.swift in Sources */ = {isa = PBXBuildFile; fileRef = C4CC78CC2161841000300C65 /* MainWindowController.swift */; };
		C4D56E8F210CA477003404FC /* MainView.storyboard in Resources */ = {isa = PBXBuildFile; fileRef = C4D56E8E210CA476003404FC /* MainView.storyboard */; };
		C4D56E94210CFA30003404FC /* GeneralPreferencesViewController.swift in Sources */ = {isa = PBXBuildFile; fileRef = C4D56E93210CFA30003404FC /* GeneralPreferencesViewController.swift */; };
		C4D56E96210CFADF003404FC /* GeneralPreferences.storyboard in Resources */ = {isa = PBXBuildFile; fileRef = C4D56E95210CFAC6003404FC /* GeneralPreferences.storyboard */; };
		C4E43E9821039C96007A6FAC /* RecordingNamingPreferences.storyboard in Resources */ = {isa = PBXBuildFile; fileRef = C4E43E9721039C91007A6FAC /* RecordingNamingPreferences.storyboard */; };
		C4E43E9A2103CCD4007A6FAC /* UserNotifications.swift in Sources */ = {isa = PBXBuildFile; fileRef = C4E43E992103CCD4007A6FAC /* UserNotifications.swift */; };
		C4F760BB21284DC600CBDFF3 /* NSArrayControllerExtensions.swift in Sources */ = {isa = PBXBuildFile; fileRef = C4F760BA21284DC600CBDFF3 /* NSArrayControllerExtensions.swift */; };
		C4F760BD21284E9500CBDFF3 /* DeviceRecorder.swift in Sources */ = {isa = PBXBuildFile; fileRef = C4F760BC21284E9500CBDFF3 /* DeviceRecorder.swift */; };
		C4F760BF2128E3FF00CBDFF3 /* PreferencesPaneViewController.swift in Sources */ = {isa = PBXBuildFile; fileRef = C4F760BE2128E3FF00CBDFF3 /* PreferencesPaneViewController.swift */; };
		D301D1099B5E1E04593AFF7B /* Pods_SimulatorRecorder.framework in Frameworks */ = {isa = PBXBuildFile; fileRef = A3CE1C027863F05243EBBA8E /* Pods_SimulatorRecorder.framework */; };
/* End PBXBuildFile section */

/* Begin PBXContainerItemProxy section */
		C479DDB1202266C000E0A11D /* PBXContainerItemProxy */ = {
			isa = PBXContainerItemProxy;
			containerPortal = C479DD96202266BF00E0A11D /* Project object */;
			proxyType = 1;
			remoteGlobalIDString = C479DD9D202266BF00E0A11D;
			remoteInfo = SimulatorRecorder;
		};
		C479DDBC202266C000E0A11D /* PBXContainerItemProxy */ = {
			isa = PBXContainerItemProxy;
			containerPortal = C479DD96202266BF00E0A11D /* Project object */;
			proxyType = 1;
			remoteGlobalIDString = C479DD9D202266BF00E0A11D;
			remoteInfo = SimulatorRecorder;
		};
/* End PBXContainerItemProxy section */

/* Begin PBXCopyFilesBuildPhase section */
		C4FDFCB6202522710017DF19 /* Embed Frameworks */ = {
			isa = PBXCopyFilesBuildPhase;
			buildActionMask = 2147483647;
			dstPath = "";
			dstSubfolderSpec = 10;
			files = (
			);
			name = "Embed Frameworks";
			runOnlyForDeploymentPostprocessing = 0;
		};
/* End PBXCopyFilesBuildPhase section */

/* Begin PBXFileReference section */
		02B441F4AAAFDCE081177DD7 /* Pods-SimulatorRecorderUITests.debug.xcconfig */ = {isa = PBXFileReference; includeInIndex = 1; lastKnownFileType = text.xcconfig; name = "Pods-SimulatorRecorderUITests.debug.xcconfig"; path = "../Pods/Target Support Files/Pods-SimulatorRecorderUITests/Pods-SimulatorRecorderUITests.debug.xcconfig"; sourceTree = "<group>"; };
		044F0AAEFC02A70981C0ADFD /* Pods-SimulatorRecorderTests.debug.xcconfig */ = {isa = PBXFileReference; includeInIndex = 1; lastKnownFileType = text.xcconfig; name = "Pods-SimulatorRecorderTests.debug.xcconfig"; path = "../Pods/Target Support Files/Pods-SimulatorRecorderTests/Pods-SimulatorRecorderTests.debug.xcconfig"; sourceTree = "<group>"; };
		0D4094339B1CD273E69F71F1 /* Pods-SimulatorRecorderUITests.release.xcconfig */ = {isa = PBXFileReference; includeInIndex = 1; lastKnownFileType = text.xcconfig; name = "Pods-SimulatorRecorderUITests.release.xcconfig"; path = "../Pods/Target Support Files/Pods-SimulatorRecorderUITests/Pods-SimulatorRecorderUITests.release.xcconfig"; sourceTree = "<group>"; };
		1515A1BA1BD6476C7E80257D /* Pods-SimulatorRecorder.debug.xcconfig */ = {isa = PBXFileReference; includeInIndex = 1; lastKnownFileType = text.xcconfig; name = "Pods-SimulatorRecorder.debug.xcconfig"; path = "../Pods/Target Support Files/Pods-SimulatorRecorder/Pods-SimulatorRecorder.debug.xcconfig"; sourceTree = "<group>"; };
		1F98DE4A8B3D256F0A1EB7E3 /* Pods-SimulatorRecorderTests.release.xcconfig */ = {isa = PBXFileReference; includeInIndex = 1; lastKnownFileType = text.xcconfig; name = "Pods-SimulatorRecorderTests.release.xcconfig"; path = "../Pods/Target Support Files/Pods-SimulatorRecorderTests/Pods-SimulatorRecorderTests.release.xcconfig"; sourceTree = "<group>"; };
		282BDF2415B3B404B7353207 /* Pods_SimulatorRecorderUITests.framework */ = {isa = PBXFileReference; explicitFileType = wrapper.framework; includeInIndex = 0; path = Pods_SimulatorRecorderUITests.framework; sourceTree = BUILT_PRODUCTS_DIR; };
		98601D527893353C34E643D6 /* Pods-SimulatorRecorder.release.xcconfig */ = {isa = PBXFileReference; includeInIndex = 1; lastKnownFileType = text.xcconfig; name = "Pods-SimulatorRecorder.release.xcconfig"; path = "../Pods/Target Support Files/Pods-SimulatorRecorder/Pods-SimulatorRecorder.release.xcconfig"; sourceTree = "<group>"; };
		A15646662104A64F00AC9CF1 /* prepareBrew */ = {isa = PBXFileReference; fileEncoding = 4; lastKnownFileType = text.script.sh; path = prepareBrew; sourceTree = "<group>"; };
		A156466C2104C53A00AC9CF1 /* XCBundleBrewPackages */ = {isa = PBXFileReference; lastKnownFileType = text.script.sh; path = XCBundleBrewPackages; sourceTree = "<group>"; };
		A181382A20FF221A002CCD7C /* RecordingController.swift */ = {isa = PBXFileReference; lastKnownFileType = sourcecode.swift; path = RecordingController.swift; sourceTree = "<group>"; };
		A1A19F5B202A2498004170D8 /* RecordingNameFormatTransformer.swift */ = {isa = PBXFileReference; lastKnownFileType = sourcecode.swift; path = RecordingNameFormatTransformer.swift; sourceTree = "<group>"; };
		A3CE1C027863F05243EBBA8E /* Pods_SimulatorRecorder.framework */ = {isa = PBXFileReference; explicitFileType = wrapper.framework; includeInIndex = 0; path = Pods_SimulatorRecorder.framework; sourceTree = BUILT_PRODUCTS_DIR; };
		C4088C57211764B2000CE9B8 /* ExportableImports.swift */ = {isa = PBXFileReference; lastKnownFileType = sourcecode.swift; path = ExportableImports.swift; sourceTree = "<group>"; };
		C41152A52028F78300DDB293 /* PathFromFilePathOrURLTransformer.swift */ = {isa = PBXFileReference; lastKnownFileType = sourcecode.swift; path = PathFromFilePathOrURLTransformer.swift; sourceTree = "<group>"; };
		C41152A720290B1D00DDB293 /* DefaultsRegistration.swift */ = {isa = PBXFileReference; lastKnownFileType = sourcecode.swift; path = DefaultsRegistration.swift; sourceTree = "<group>"; };
		C41152A920291E8C00DDB293 /* StatusItemController.swift */ = {isa = PBXFileReference; lastKnownFileType = sourcecode.swift; path = StatusItemController.swift; sourceTree = "<group>"; };
		C41152AB2029224000DDB293 /* StatusItem.xib */ = {isa = PBXFileReference; lastKnownFileType = file.xib; path = StatusItem.xib; sourceTree = "<group>"; };
		C41152AD20292F7D00DDB293 /* PreferencesWindowController.swift */ = {isa = PBXFileReference; lastKnownFileType = sourcecode.swift; path = PreferencesWindowController.swift; sourceTree = "<group>"; };
		C4145B39217B229A00708B94 /* SimulatorRecorder-app.xcconfig */ = {isa = PBXFileReference; lastKnownFileType = text.xcconfig; path = "SimulatorRecorder-app.xcconfig"; sourceTree = "<group>"; };
		C4145B3A217B230E00708B94 /* SimulatorRecorder-app.debug.xcconfig */ = {isa = PBXFileReference; lastKnownFileType = text.xcconfig; path = "SimulatorRecorder-app.debug.xcconfig"; sourceTree = "<group>"; };
		C4145B3B217B235B00708B94 /* SimulatorRecorder-app.release.xcconfig */ = {isa = PBXFileReference; lastKnownFileType = text.xcconfig; path = "SimulatorRecorder-app.release.xcconfig"; sourceTree = "<group>"; };
		C41F4C352028B3200090E79B /* Defaults.plist */ = {isa = PBXFileReference; lastKnownFileType = text.plist.xml; path = Defaults.plist; sourceTree = "<group>"; };
		C424A24D2025A88B00320E48 /* main.swift */ = {isa = PBXFileReference; lastKnownFileType = sourcecode.swift; path = main.swift; sourceTree = "<group>"; };
		C428604A214B3EA500825AB1 /* AppStatusIcon.swift */ = {isa = PBXFileReference; lastKnownFileType = sourcecode.swift; path = AppStatusIcon.swift; sourceTree = "<group>"; };
		C428604C214B3EE100825AB1 /* AppStatusItemControllerSource.swift */ = {isa = PBXFileReference; lastKnownFileType = sourcecode.swift; path = AppStatusItemControllerSource.swift; sourceTree = "<group>"; };
		C43380D921599E8400A28F54 /* DockTileController.swift */ = {isa = PBXFileReference; lastKnownFileType = sourcecode.swift; path = DockTileController.swift; sourceTree = "<group>"; };
		C43380DD2159A38400A28F54 /* AppDockTileIcon.swift */ = {isa = PBXFileReference; lastKnownFileType = sourcecode.swift; path = AppDockTileIcon.swift; sourceTree = "<group>"; };
		C433AE25211E3D1E000A8501 /* Defaults.swift */ = {isa = PBXFileReference; lastKnownFileType = sourcecode.swift; path = Defaults.swift; sourceTree = "<group>"; };
		C43FFB582129CCE300F36526 /* RecordingControllerRecordingState.swift */ = {isa = PBXFileReference; lastKnownFileType = sourcecode.swift; path = RecordingControllerRecordingState.swift; sourceTree = "<group>"; };
		C43FFB5A2129D15000F36526 /* ObservableRecordingState.swift */ = {isa = PBXFileReference; lastKnownFileType = sourcecode.swift; path = ObservableRecordingState.swift; sourceTree = "<group>"; };
		C46C530B211A6FF00041D8C6 /* RecordingInteractor.swift */ = {isa = PBXFileReference; lastKnownFileType = sourcecode.swift; path = RecordingInteractor.swift; sourceTree = "<group>"; };
		C479DD9E202266BF00E0A11D /* SimulatorRecorder.app */ = {isa = PBXFileReference; explicitFileType = wrapper.application; includeInIndex = 0; path = SimulatorRecorder.app; sourceTree = BUILT_PRODUCTS_DIR; };
		C479DDA1202266BF00E0A11D /* AppDelegate.swift */ = {isa = PBXFileReference; lastKnownFileType = sourcecode.swift; path = AppDelegate.swift; sourceTree = "<group>"; };
		C479DDA3202266BF00E0A11D /* ViewController.swift */ = {isa = PBXFileReference; lastKnownFileType = sourcecode.swift; path = ViewController.swift; sourceTree = "<group>"; };
		C479DDA5202266BF00E0A11D /* Assets.xcassets */ = {isa = PBXFileReference; lastKnownFileType = folder.assetcatalog; path = Assets.xcassets; sourceTree = "<group>"; };
		C479DDA8202266BF00E0A11D /* Base */ = {isa = PBXFileReference; lastKnownFileType = file.storyboard; name = Base; path = Base.lproj/Main.storyboard; sourceTree = "<group>"; };
		C479DDAA202266BF00E0A11D /* Info.plist */ = {isa = PBXFileReference; lastKnownFileType = text.plist.xml; path = Info.plist; sourceTree = "<group>"; };
		C479DDAB202266BF00E0A11D /* SimulatorRecorder.entitlements */ = {isa = PBXFileReference; lastKnownFileType = text.plist.entitlements; path = SimulatorRecorder.entitlements; sourceTree = "<group>"; };
		C479DDB0202266C000E0A11D /* SimulatorRecorderTests.xctest */ = {isa = PBXFileReference; explicitFileType = wrapper.cfbundle; includeInIndex = 0; path = SimulatorRecorderTests.xctest; sourceTree = BUILT_PRODUCTS_DIR; };
		C479DDB4202266C000E0A11D /* SimulatorRecorderTests.swift */ = {isa = PBXFileReference; lastKnownFileType = sourcecode.swift; path = SimulatorRecorderTests.swift; sourceTree = "<group>"; };
		C479DDB6202266C000E0A11D /* Info.plist */ = {isa = PBXFileReference; lastKnownFileType = text.plist.xml; path = Info.plist; sourceTree = "<group>"; };
		C479DDBB202266C000E0A11D /* SimulatorRecorderUITests.xctest */ = {isa = PBXFileReference; explicitFileType = wrapper.cfbundle; includeInIndex = 0; path = SimulatorRecorderUITests.xctest; sourceTree = BUILT_PRODUCTS_DIR; };
		C479DDBF202266C000E0A11D /* SimulatorRecorderUITests.swift */ = {isa = PBXFileReference; lastKnownFileType = sourcecode.swift; path = SimulatorRecorderUITests.swift; sourceTree = "<group>"; };
		C479DDC1202266C000E0A11D /* Info.plist */ = {isa = PBXFileReference; lastKnownFileType = text.plist.xml; path = Info.plist; sourceTree = "<group>"; };
		C479DDCE20226B2300E0A11D /* simulatorName */ = {isa = PBXFileReference; fileEncoding = 4; lastKnownFileType = text.script.sh; path = simulatorName; sourceTree = "<group>"; };
		C479DDCF20226B2400E0A11D /* recordVideo */ = {isa = PBXFileReference; fileEncoding = 4; lastKnownFileType = text.script.sh; path = recordVideo; sourceTree = "<group>"; };
		C479DDDA20227A7900E0A11D /* timestamp */ = {isa = PBXFileReference; fileEncoding = 4; lastKnownFileType = text.script.sh; path = timestamp; sourceTree = "<group>"; };
		C479DDE02023EA8E00E0A11D /* RecordingNamingPreferencesViewController.swift */ = {isa = PBXFileReference; lastKnownFileType = sourcecode.swift; path = RecordingNamingPreferencesViewController.swift; sourceTree = "<group>"; };
		C479DDE22023ECE100E0A11D /* RecordingNameFieldDelegate.swift */ = {isa = PBXFileReference; lastKnownFileType = sourcecode.swift; path = RecordingNameFieldDelegate.swift; sourceTree = "<group>"; };
		C479DDE42023FEE800E0A11D /* RecordingNameTokenObject.swift */ = {isa = PBXFileReference; lastKnownFileType = sourcecode.swift; path = RecordingNameTokenObject.swift; sourceTree = "<group>"; };
		C4844F1A202A5B7600FFB5BA /* Base */ = {isa = PBXFileReference; lastKnownFileType = file.storyboard; name = Base; path = Base.lproj/Preferences.storyboard; sourceTree = "<group>"; };
		C4844F1C202A722100FFB5BA /* PopUpButtonLikePathControl.swift */ = {isa = PBXFileReference; lastKnownFileType = sourcecode.swift; path = PopUpButtonLikePathControl.swift; sourceTree = "<group>"; };
		C497D2DE2152C4A900D2AE93 /* ShortcutBinding.swift */ = {isa = PBXFileReference; lastKnownFileType = sourcecode.swift; path = ShortcutBinding.swift; sourceTree = "<group>"; };
		C4AC52F7202662C2005A0FCD /* RecordingNameToken.swift */ = {isa = PBXFileReference; lastKnownFileType = sourcecode.swift; path = RecordingNameToken.swift; sourceTree = "<group>"; };
		C4AC9519212757670070A911 /* SimulatorController.swift */ = {isa = PBXFileReference; lastKnownFileType = sourcecode.swift; path = SimulatorController.swift; sourceTree = "<group>"; };
		C4C597D32159A6A0006F7640 /* AppDockTileControllerDataSource.swift */ = {isa = PBXFileReference; lastKnownFileType = sourcecode.swift; path = AppDockTileControllerDataSource.swift; sourceTree = "<group>"; };
		C4CC78CC2161841000300C65 /* MainWindowController.swift */ = {isa = PBXFileReference; lastKnownFileType = sourcecode.swift; path = MainWindowController.swift; sourceTree = "<group>"; };
		C4D56E8E210CA476003404FC /* MainView.storyboard */ = {isa = PBXFileReference; fileEncoding = 4; lastKnownFileType = file.storyboard; path = MainView.storyboard; sourceTree = "<group>"; };
		C4D56E93210CFA30003404FC /* GeneralPreferencesViewController.swift */ = {isa = PBXFileReference; lastKnownFileType = sourcecode.swift; path = GeneralPreferencesViewController.swift; sourceTree = "<group>"; };
		C4D56E95210CFAC6003404FC /* GeneralPreferences.storyboard */ = {isa = PBXFileReference; lastKnownFileType = file.storyboard; name = GeneralPreferences.storyboard; path = SimulatorRecorder/Preferences/General/GeneralPreferences.storyboard; sourceTree = SOURCE_ROOT; };
		C4E43E9721039C91007A6FAC /* RecordingNamingPreferences.storyboard */ = {isa = PBXFileReference; lastKnownFileType = file.storyboard; path = RecordingNamingPreferences.storyboard; sourceTree = "<group>"; };
		C4E43E992103CCD4007A6FAC /* UserNotifications.swift */ = {isa = PBXFileReference; lastKnownFileType = sourcecode.swift; path = UserNotifications.swift; sourceTree = "<group>"; };
		C4F760BA21284DC600CBDFF3 /* NSArrayControllerExtensions.swift */ = {isa = PBXFileReference; lastKnownFileType = sourcecode.swift; path = NSArrayControllerExtensions.swift; sourceTree = "<group>"; };
		C4F760BC21284E9500CBDFF3 /* DeviceRecorder.swift */ = {isa = PBXFileReference; lastKnownFileType = sourcecode.swift; path = DeviceRecorder.swift; sourceTree = "<group>"; };
		C4F760BE2128E3FF00CBDFF3 /* PreferencesPaneViewController.swift */ = {isa = PBXFileReference; lastKnownFileType = sourcecode.swift; path = PreferencesPaneViewController.swift; sourceTree = "<group>"; };
		C4FF30202106605F00999603 /* SimulatorRecorder.xcconfig */ = {isa = PBXFileReference; lastKnownFileType = text.xcconfig; path = SimulatorRecorder.xcconfig; sourceTree = "<group>"; };
		C4FF30212107FDBA00999603 /* README.md */ = {isa = PBXFileReference; lastKnownFileType = net.daringfireball.markdown; name = README.md; path = ../README.md; sourceTree = "<group>"; };
		C4FF3022210A68F200999603 /* ProductDefinition.plist */ = {isa = PBXFileReference; explicitFileType = text.plist.info; path = ProductDefinition.plist; sourceTree = "<group>"; };
		E48D5E4F890AEAEF8732FA99 /* Pods_SimulatorRecorderTests.framework */ = {isa = PBXFileReference; explicitFileType = wrapper.framework; includeInIndex = 0; path = Pods_SimulatorRecorderTests.framework; sourceTree = BUILT_PRODUCTS_DIR; };
/* End PBXFileReference section */

/* Begin PBXFrameworksBuildPhase section */
		C479DD9B202266BF00E0A11D /* Frameworks */ = {
			isa = PBXFrameworksBuildPhase;
			buildActionMask = 2147483647;
			files = (
				D301D1099B5E1E04593AFF7B /* Pods_SimulatorRecorder.framework in Frameworks */,
			);
			runOnlyForDeploymentPostprocessing = 0;
		};
		C479DDAD202266C000E0A11D /* Frameworks */ = {
			isa = PBXFrameworksBuildPhase;
			buildActionMask = 2147483647;
			files = (
				695C2F947C551C4842788162 /* Pods_SimulatorRecorderTests.framework in Frameworks */,
			);
			runOnlyForDeploymentPostprocessing = 0;
		};
		C479DDB8202266C000E0A11D /* Frameworks */ = {
			isa = PBXFrameworksBuildPhase;
			buildActionMask = 2147483647;
			files = (
				5273596510B17FB09465CAC5 /* Pods_SimulatorRecorderUITests.framework in Frameworks */,
			);
			runOnlyForDeploymentPostprocessing = 0;
		};
/* End PBXFrameworksBuildPhase section */

/* Begin PBXGroup section */
		25BD78D9430139BCFEC9ABEA /* Pods */ = {
			isa = PBXGroup;
			children = (
				1515A1BA1BD6476C7E80257D /* Pods-SimulatorRecorder.debug.xcconfig */,
				98601D527893353C34E643D6 /* Pods-SimulatorRecorder.release.xcconfig */,
				044F0AAEFC02A70981C0ADFD /* Pods-SimulatorRecorderTests.debug.xcconfig */,
				1F98DE4A8B3D256F0A1EB7E3 /* Pods-SimulatorRecorderTests.release.xcconfig */,
				02B441F4AAAFDCE081177DD7 /* Pods-SimulatorRecorderUITests.debug.xcconfig */,
				0D4094339B1CD273E69F71F1 /* Pods-SimulatorRecorderUITests.release.xcconfig */,
			);
			name = Pods;
			sourceTree = "<group>";
		};
		C424A2372025244600320E48 /* Frameworks */ = {
			isa = PBXGroup;
			children = (
				A3CE1C027863F05243EBBA8E /* Pods_SimulatorRecorder.framework */,
				E48D5E4F890AEAEF8732FA99 /* Pods_SimulatorRecorderTests.framework */,
				282BDF2415B3B404B7353207 /* Pods_SimulatorRecorderUITests.framework */,
			);
			name = Frameworks;
			sourceTree = "<group>";
		};
		C43380DB21599ECC00A28F54 /* DockTile */ = {
			isa = PBXGroup;
			children = (
				C43380D921599E8400A28F54 /* DockTileController.swift */,
			);
			path = DockTile;
			sourceTree = "<group>";
		};
		C46049CC210C6E7200AED3FA /* MainWindow */ = {
			isa = PBXGroup;
			children = (
				C4D56E8E210CA476003404FC /* MainView.storyboard */,
				C479DDA3202266BF00E0A11D /* ViewController.swift */,
				C46C530B211A6FF00041D8C6 /* RecordingInteractor.swift */,
				C4CC78CC2161841000300C65 /* MainWindowController.swift */,
			);
			path = MainWindow;
			sourceTree = "<group>";
		};
		C46049CD210C6E8600AED3FA /* Resources */ = {
			isa = PBXGroup;
			children = (
				C41F4C352028B3200090E79B /* Defaults.plist */,
				C479DDA5202266BF00E0A11D /* Assets.xcassets */,
			);
			path = Resources;
			sourceTree = "<group>";
		};
		C46049CE210C6E9900AED3FA /* Scripts */ = {
			isa = PBXGroup;
			children = (
				A15646662104A64F00AC9CF1 /* prepareBrew */,
				C479DDCE20226B2300E0A11D /* simulatorName */,
				C479DDCF20226B2400E0A11D /* recordVideo */,
				C479DDDA20227A7900E0A11D /* timestamp */,
			);
			path = Scripts;
			sourceTree = "<group>";
		};
		C46049CF210C6EBC00AED3FA /* Distribution */ = {
			isa = PBXGroup;
			children = (
				C4FF3022210A68F200999603 /* ProductDefinition.plist */,
			);
			path = Distribution;
			sourceTree = "<group>";
		};
		C46049D0210C6ED000AED3FA /* XcodeBuild */ = {
			isa = PBXGroup;
			children = (
				C4FF30202106605F00999603 /* SimulatorRecorder.xcconfig */,
				A156466C2104C53A00AC9CF1 /* XCBundleBrewPackages */,
				C4145B39217B229A00708B94 /* SimulatorRecorder-app.xcconfig */,
				C4145B3A217B230E00708B94 /* SimulatorRecorder-app.debug.xcconfig */,
				C4145B3B217B235B00708B94 /* SimulatorRecorder-app.release.xcconfig */,
			);
			path = XcodeBuild;
			sourceTree = "<group>";
		};
		C46049D1210C6F8B00AED3FA /* Shared */ = {
			isa = PBXGroup;
			children = (
				C4AC9519212757670070A911 /* SimulatorController.swift */,
				C4088C57211764B2000CE9B8 /* ExportableImports.swift */,
				C41152A720290B1D00DDB293 /* DefaultsRegistration.swift */,
				C4844F1C202A722100FFB5BA /* PopUpButtonLikePathControl.swift */,
				C41152A52028F78300DDB293 /* PathFromFilePathOrURLTransformer.swift */,
				C4F760BA21284DC600CBDFF3 /* NSArrayControllerExtensions.swift */,
			);
			path = Shared;
			sourceTree = "<group>";
		};
		C46049D2210C6FC900AED3FA /* Naming */ = {
			isa = PBXGroup;
			children = (
				C4E43E9721039C91007A6FAC /* RecordingNamingPreferences.storyboard */,
				C479DDE02023EA8E00E0A11D /* RecordingNamingPreferencesViewController.swift */,
				C479DDE22023ECE100E0A11D /* RecordingNameFieldDelegate.swift */,
				C479DDE42023FEE800E0A11D /* RecordingNameTokenObject.swift */,
				C4AC52F7202662C2005A0FCD /* RecordingNameToken.swift */,
				A1A19F5B202A2498004170D8 /* RecordingNameFormatTransformer.swift */,
			);
			path = Naming;
			sourceTree = "<group>";
		};
		C479DD95202266BF00E0A11D = {
			isa = PBXGroup;
			children = (
				C4FF30212107FDBA00999603 /* README.md */,
				C479DDA0202266BF00E0A11D /* SimulatorRecorder */,
				C479DDB3202266C000E0A11D /* SimulatorRecorderTests */,
				C479DDBE202266C000E0A11D /* SimulatorRecorderUITests */,
				C424A2372025244600320E48 /* Frameworks */,
				C479DD9F202266BF00E0A11D /* Products */,
				25BD78D9430139BCFEC9ABEA /* Pods */,
			);
			sourceTree = "<group>";
			usesTabs = 1;
		};
		C479DD9F202266BF00E0A11D /* Products */ = {
			isa = PBXGroup;
			children = (
				C479DD9E202266BF00E0A11D /* SimulatorRecorder.app */,
				C479DDB0202266C000E0A11D /* SimulatorRecorderTests.xctest */,
				C479DDBB202266C000E0A11D /* SimulatorRecorderUITests.xctest */,
			);
			name = Products;
			sourceTree = "<group>";
		};
		C479DDA0202266BF00E0A11D /* SimulatorRecorder */ = {
			isa = PBXGroup;
			children = (
				C49AAE24210C717C00E6867C /* App */,
				C46049CC210C6E7200AED3FA /* MainWindow */,
				C49AAE22210C70D200E6867C /* Preferences */,
				C49AAE26210C71F000E6867C /* UserNotifications */,
				C49AAE25210C719500E6867C /* Recording */,
				C49AAE23210C710E00E6867C /* StatusItem */,
				C43380DB21599ECC00A28F54 /* DockTile */,
				C46049D1210C6F8B00AED3FA /* Shared */,
				C46049CD210C6E8600AED3FA /* Resources */,
				C46049D0210C6ED000AED3FA /* XcodeBuild */,
				C46049CF210C6EBC00AED3FA /* Distribution */,
			);
			path = SimulatorRecorder;
			sourceTree = "<group>";
		};
		C479DDB3202266C000E0A11D /* SimulatorRecorderTests */ = {
			isa = PBXGroup;
			children = (
				C479DDB4202266C000E0A11D /* SimulatorRecorderTests.swift */,
				C479DDB6202266C000E0A11D /* Info.plist */,
			);
			path = SimulatorRecorderTests;
			sourceTree = "<group>";
		};
		C479DDBE202266C000E0A11D /* SimulatorRecorderUITests */ = {
			isa = PBXGroup;
			children = (
				C479DDBF202266C000E0A11D /* SimulatorRecorderUITests.swift */,
				C479DDC1202266C000E0A11D /* Info.plist */,
			);
			path = SimulatorRecorderUITests;
			sourceTree = "<group>";
		};
		C49AAE22210C70D200E6867C /* Preferences */ = {
			isa = PBXGroup;
			children = (
				C4844F19202A5B7500FFB5BA /* Preferences.storyboard */,
				C41152AD20292F7D00DDB293 /* PreferencesWindowController.swift */,
				C4F760BE2128E3FF00CBDFF3 /* PreferencesPaneViewController.swift */,
				C4D56E92210CDBC7003404FC /* General */,
				C46049D2210C6FC900AED3FA /* Naming */,
			);
			path = Preferences;
			sourceTree = "<group>";
		};
		C49AAE23210C710E00E6867C /* StatusItem */ = {
			isa = PBXGroup;
			children = (
				C41152A920291E8C00DDB293 /* StatusItemController.swift */,
				C41152AB2029224000DDB293 /* StatusItem.xib */,
			);
			path = StatusItem;
			sourceTree = "<group>";
		};
		C49AAE24210C717C00E6867C /* App */ = {
			isa = PBXGroup;
			children = (
				C479DDA1202266BF00E0A11D /* AppDelegate.swift */,
				C424A24D2025A88B00320E48 /* main.swift */,
				C479DDA7202266BF00E0A11D /* Main.storyboard */,
				C479DDAB202266BF00E0A11D /* SimulatorRecorder.entitlements */,
				C479DDAA202266BF00E0A11D /* Info.plist */,
				C433AE25211E3D1E000A8501 /* Defaults.swift */,
				C428604A214B3EA500825AB1 /* AppStatusIcon.swift */,
				C43380DD2159A38400A28F54 /* AppDockTileIcon.swift */,
				C428604C214B3EE100825AB1 /* AppStatusItemControllerSource.swift */,
				C4C597D32159A6A0006F7640 /* AppDockTileControllerDataSource.swift */,
				C497D2DE2152C4A900D2AE93 /* ShortcutBinding.swift */,
			);
			path = App;
			sourceTree = "<group>";
		};
		C49AAE25210C719500E6867C /* Recording */ = {
			isa = PBXGroup;
			children = (
				C46049CE210C6E9900AED3FA /* Scripts */,
				A181382A20FF221A002CCD7C /* RecordingController.swift */,
				C43FFB582129CCE300F36526 /* RecordingControllerRecordingState.swift */,
				C43FFB5A2129D15000F36526 /* ObservableRecordingState.swift */,
				C4F760BC21284E9500CBDFF3 /* DeviceRecorder.swift */,
			);
			path = Recording;
			sourceTree = "<group>";
		};
		C49AAE26210C71F000E6867C /* UserNotifications */ = {
			isa = PBXGroup;
			children = (
				C4E43E992103CCD4007A6FAC /* UserNotifications.swift */,
			);
			path = UserNotifications;
			sourceTree = "<group>";
		};
		C4D56E92210CDBC7003404FC /* General */ = {
			isa = PBXGroup;
			children = (
				C4D56E95210CFAC6003404FC /* GeneralPreferences.storyboard */,
				C4D56E93210CFA30003404FC /* GeneralPreferencesViewController.swift */,
			);
			path = General;
			sourceTree = "<group>";
		};
/* End PBXGroup section */

/* Begin PBXNativeTarget section */
		C479DD9D202266BF00E0A11D /* SimulatorRecorder */ = {
			isa = PBXNativeTarget;
			buildConfigurationList = C479DDC4202266C000E0A11D /* Build configuration list for PBXNativeTarget "SimulatorRecorder" */;
			buildPhases = (
				B45A96996E87D8C860B48DE9 /* [CP] Check Pods Manifest.lock */,
				C479DD9A202266BF00E0A11D /* Sources */,
				C479DD9B202266BF00E0A11D /* Frameworks */,
				C479DD9C202266BF00E0A11D /* Resources */,
				C4FDFCB6202522710017DF19 /* Embed Frameworks */,
				A156466B2104C4F300AC9CF1 /* Bundle Brew Packages */,
				010B30A392651A3EC212361A /* [CP-User] Embed Source Version into Bundle */,
				68EF8BA0A614EE9EE99835B0 /* [CP-User] Integrate Fabric */,
				0B5F6EBA762BAEED96633759 /* [CP] Embed Pods Frameworks */,
				C684F2D5A038EE71F984772A /* [CP] Copy Pods Resources */,
			);
			buildRules = (
			);
			dependencies = (
			);
			name = SimulatorRecorder;
			productName = SimulatorRecorder;
			productReference = C479DD9E202266BF00E0A11D /* SimulatorRecorder.app */;
			productType = "com.apple.product-type.application";
		};
		C479DDAF202266C000E0A11D /* SimulatorRecorderTests */ = {
			isa = PBXNativeTarget;
			buildConfigurationList = C479DDC7202266C000E0A11D /* Build configuration list for PBXNativeTarget "SimulatorRecorderTests" */;
			buildPhases = (
				5C7ABE08A5238A17F21DF06D /* [CP] Check Pods Manifest.lock */,
				C479DDAC202266C000E0A11D /* Sources */,
				C479DDAD202266C000E0A11D /* Frameworks */,
				C479DDAE202266C000E0A11D /* Resources */,
				0E623AF57F7E43F793AE9892 /* [CP] Copy Pods Resources */,
			);
			buildRules = (
			);
			dependencies = (
				C479DDB2202266C000E0A11D /* PBXTargetDependency */,
			);
			name = SimulatorRecorderTests;
			productName = SimulatorRecorderTests;
			productReference = C479DDB0202266C000E0A11D /* SimulatorRecorderTests.xctest */;
			productType = "com.apple.product-type.bundle.unit-test";
		};
		C479DDBA202266C000E0A11D /* SimulatorRecorderUITests */ = {
			isa = PBXNativeTarget;
			buildConfigurationList = C479DDCA202266C000E0A11D /* Build configuration list for PBXNativeTarget "SimulatorRecorderUITests" */;
			buildPhases = (
				8B01974C4CDA9AD678D44D8A /* [CP] Check Pods Manifest.lock */,
				C479DDB7202266C000E0A11D /* Sources */,
				C479DDB8202266C000E0A11D /* Frameworks */,
				C479DDB9202266C000E0A11D /* Resources */,
			);
			buildRules = (
			);
			dependencies = (
				C479DDBD202266C000E0A11D /* PBXTargetDependency */,
			);
			name = SimulatorRecorderUITests;
			productName = SimulatorRecorderUITests;
			productReference = C479DDBB202266C000E0A11D /* SimulatorRecorderUITests.xctest */;
			productType = "com.apple.product-type.bundle.ui-testing";
		};
/* End PBXNativeTarget section */

/* Begin PBXProject section */
		C479DD96202266BF00E0A11D /* Project object */ = {
			isa = PBXProject;
			attributes = {
				LastSwiftUpdateCheck = 0920;
				LastUpgradeCheck = 0940;
				ORGANIZATIONNAME = "Grigory Entin";
				TargetAttributes = {
					C479DD9D202266BF00E0A11D = {
						CreatedOnToolsVersion = 9.2;
						LastSwiftMigration = 1000;
						ProvisioningStyle = Automatic;
						SystemCapabilities = {
							com.apple.HardenedRuntime = {
								enabled = 1;
							};
							com.apple.Sandbox = {
								enabled = 0;
							};
						};
					};
					C479DDAF202266C000E0A11D = {
						CreatedOnToolsVersion = 9.2;
						LastSwiftMigration = 1000;
						ProvisioningStyle = Automatic;
						TestTargetID = C479DD9D202266BF00E0A11D;
					};
					C479DDBA202266C000E0A11D = {
						CreatedOnToolsVersion = 9.2;
						LastSwiftMigration = 1000;
						ProvisioningStyle = Automatic;
						TestTargetID = C479DD9D202266BF00E0A11D;
					};
				};
			};
			buildConfigurationList = C479DD99202266BF00E0A11D /* Build configuration list for PBXProject "SimulatorRecorder" */;
			compatibilityVersion = "Xcode 8.0";
			developmentRegion = en;
			hasScannedForEncodings = 0;
			knownRegions = (
				en,
				Base,
			);
			mainGroup = C479DD95202266BF00E0A11D;
			productRefGroup = C479DD9F202266BF00E0A11D /* Products */;
			projectDirPath = "";
			projectRoot = "";
			targets = (
				C479DD9D202266BF00E0A11D /* SimulatorRecorder */,
				C479DDAF202266C000E0A11D /* SimulatorRecorderTests */,
				C479DDBA202266C000E0A11D /* SimulatorRecorderUITests */,
			);
		};
/* End PBXProject section */

/* Begin PBXResourcesBuildPhase section */
		C479DD9C202266BF00E0A11D /* Resources */ = {
			isa = PBXResourcesBuildPhase;
			buildActionMask = 2147483647;
			files = (
				C4D56E96210CFADF003404FC /* GeneralPreferences.storyboard in Resources */,
				C479DDA6202266BF00E0A11D /* Assets.xcassets in Resources */,
				C479DDA9202266BF00E0A11D /* Main.storyboard in Resources */,
				C41F4C362028B3200090E79B /* Defaults.plist in Resources */,
				C41152AC2029224000DDB293 /* StatusItem.xib in Resources */,
				C479DDDB20227A7900E0A11D /* timestamp in Resources */,
				C4D56E8F210CA477003404FC /* MainView.storyboard in Resources */,
				C479DDD720226D8200E0A11D /* simulatorName in Resources */,
				C4E43E9821039C96007A6FAC /* RecordingNamingPreferences.storyboard in Resources */,
				C479DDD820226D8200E0A11D /* recordVideo in Resources */,
				A15646672104A64F00AC9CF1 /* prepareBrew in Resources */,
				C4844F1B202A5BA100FFB5BA /* Preferences.storyboard in Resources */,
			);
			runOnlyForDeploymentPostprocessing = 0;
		};
		C479DDAE202266C000E0A11D /* Resources */ = {
			isa = PBXResourcesBuildPhase;
			buildActionMask = 2147483647;
			files = (
			);
			runOnlyForDeploymentPostprocessing = 0;
		};
		C479DDB9202266C000E0A11D /* Resources */ = {
			isa = PBXResourcesBuildPhase;
			buildActionMask = 2147483647;
			files = (
			);
			runOnlyForDeploymentPostprocessing = 0;
		};
/* End PBXResourcesBuildPhase section */

/* Begin PBXShellScriptBuildPhase section */
		010B30A392651A3EC212361A /* [CP-User] Embed Source Version into Bundle */ = {
			isa = PBXShellScriptBuildPhase;
			buildActionMask = 2147483647;
			files = (
			);
			inputFileListPaths = (
			);
			inputPaths = (
			);
			name = "[CP-User] Embed Source Version into Bundle";
			outputFileListPaths = (
			);
			outputPaths = (
			);
			runOnlyForDeploymentPostprocessing = 0;
			shellPath = "/bin/sh -e";
			shellScript = "\"${GE_XCODE_BUILD_PHASES:?}/EmbedSourceVersionIntoBundle\"\n";
			showEnvVarsInLog = 0;
		};
		0B5F6EBA762BAEED96633759 /* [CP] Embed Pods Frameworks */ = {
			isa = PBXShellScriptBuildPhase;
			buildActionMask = 2147483647;
			files = (
			);
			inputFileListPaths = (
			);
			inputPaths = (
				"${SRCROOT}/../Pods/Target Support Files/Pods-SimulatorRecorder/Pods-SimulatorRecorder-frameworks.sh",
				"${BUILT_PRODUCTS_DIR}/GEFoundation/GEFoundation.framework",
				"${BUILT_PRODUCTS_DIR}/GETracing/GETracing.framework",
				"${BUILT_PRODUCTS_DIR}/MASShortcut/MASShortcut.framework",
			);
			name = "[CP] Embed Pods Frameworks";
			outputFileListPaths = (
			);
			outputPaths = (
				"${TARGET_BUILD_DIR}/${FRAMEWORKS_FOLDER_PATH}/GEFoundation.framework",
				"${TARGET_BUILD_DIR}/${FRAMEWORKS_FOLDER_PATH}/GETracing.framework",
				"${TARGET_BUILD_DIR}/${FRAMEWORKS_FOLDER_PATH}/MASShortcut.framework",
			);
			runOnlyForDeploymentPostprocessing = 0;
			shellPath = /bin/sh;
			shellScript = "\"${SRCROOT}/../Pods/Target Support Files/Pods-SimulatorRecorder/Pods-SimulatorRecorder-frameworks.sh\"\n";
			showEnvVarsInLog = 0;
		};
		0E623AF57F7E43F793AE9892 /* [CP] Copy Pods Resources */ = {
			isa = PBXShellScriptBuildPhase;
			buildActionMask = 2147483647;
			files = (
			);
			inputFileListPaths = (
			);
			inputPaths = (
				"${SRCROOT}/../Pods/Target Support Files/Pods-SimulatorRecorderTests/Pods-SimulatorRecorderTests-resources.sh",
				"${PODS_CONFIGURATION_BUILD_DIR}/SimulatorRecorder-Tests-Sources/SimulatorRecorderTests-Sources.bundle",
			);
			name = "[CP] Copy Pods Resources";
			outputFileListPaths = (
			);
			outputPaths = (
				"${TARGET_BUILD_DIR}/${UNLOCALIZED_RESOURCES_FOLDER_PATH}/SimulatorRecorderTests-Sources.bundle",
			);
			runOnlyForDeploymentPostprocessing = 0;
			shellPath = /bin/sh;
			shellScript = "\"${SRCROOT}/../Pods/Target Support Files/Pods-SimulatorRecorderTests/Pods-SimulatorRecorderTests-resources.sh\"\n";
			showEnvVarsInLog = 0;
		};
		5C7ABE08A5238A17F21DF06D /* [CP] Check Pods Manifest.lock */ = {
			isa = PBXShellScriptBuildPhase;
			buildActionMask = 2147483647;
			files = (
			);
			inputPaths = (
				"${PODS_PODFILE_DIR_PATH}/Podfile.lock",
				"${PODS_ROOT}/Manifest.lock",
			);
			name = "[CP] Check Pods Manifest.lock";
			outputPaths = (
				"$(DERIVED_FILE_DIR)/Pods-SimulatorRecorderTests-checkManifestLockResult.txt",
			);
			runOnlyForDeploymentPostprocessing = 0;
			shellPath = /bin/sh;
			shellScript = "diff \"${PODS_PODFILE_DIR_PATH}/Podfile.lock\" \"${PODS_ROOT}/Manifest.lock\" > /dev/null\nif [ $? != 0 ] ; then\n    # print error to STDERR\n    echo \"error: The sandbox is not in sync with the Podfile.lock. Run 'pod install' or update your CocoaPods installation.\" >&2\n    exit 1\nfi\n# This output is used by Xcode 'outputs' to avoid re-running this script phase.\necho \"SUCCESS\" > \"${SCRIPT_OUTPUT_FILE_0}\"\n";
			showEnvVarsInLog = 0;
		};
		68EF8BA0A614EE9EE99835B0 /* [CP-User] Integrate Fabric */ = {
			isa = PBXShellScriptBuildPhase;
			buildActionMask = 2147483647;
			files = (
			);
			inputFileListPaths = (
			);
			inputPaths = (
			);
			name = "[CP-User] Integrate Fabric";
			outputFileListPaths = (
			);
			outputPaths = (
			);
			runOnlyForDeploymentPostprocessing = 0;
			shellPath = "/bin/sh -e";
			shellScript = "\"${GE_XCODE_BUILD_PHASES:?}/IntegrateFabric\"\n";
			showEnvVarsInLog = 0;
		};
		8B01974C4CDA9AD678D44D8A /* [CP] Check Pods Manifest.lock */ = {
			isa = PBXShellScriptBuildPhase;
			buildActionMask = 2147483647;
			files = (
			);
			inputPaths = (
				"${PODS_PODFILE_DIR_PATH}/Podfile.lock",
				"${PODS_ROOT}/Manifest.lock",
			);
			name = "[CP] Check Pods Manifest.lock";
			outputPaths = (
				"$(DERIVED_FILE_DIR)/Pods-SimulatorRecorderUITests-checkManifestLockResult.txt",
			);
			runOnlyForDeploymentPostprocessing = 0;
			shellPath = /bin/sh;
			shellScript = "diff \"${PODS_PODFILE_DIR_PATH}/Podfile.lock\" \"${PODS_ROOT}/Manifest.lock\" > /dev/null\nif [ $? != 0 ] ; then\n    # print error to STDERR\n    echo \"error: The sandbox is not in sync with the Podfile.lock. Run 'pod install' or update your CocoaPods installation.\" >&2\n    exit 1\nfi\n# This output is used by Xcode 'outputs' to avoid re-running this script phase.\necho \"SUCCESS\" > \"${SCRIPT_OUTPUT_FILE_0}\"\n";
			showEnvVarsInLog = 0;
		};
		A156466B2104C4F300AC9CF1 /* Bundle Brew Packages */ = {
			isa = PBXShellScriptBuildPhase;
			buildActionMask = 2147483647;
			files = (
			);
			inputPaths = (
				"$(SRCROOT)/$(TARGET_NAME)/XcodeBuild/XCBundleBrewPackages",
			);
			name = "Bundle Brew Packages";
			outputPaths = (
				"$(CONFIGURATION_BUILD_DIR)/$(GE_HOMEBREW_FOLDER_PATH)",
			);
			runOnlyForDeploymentPostprocessing = 0;
			shellPath = "/bin/sh -e";
			shellScript = "\"${SRCROOT:?}\"/\"${TARGET_NAME:?}\"/XcodeBuild/XCBundleBrewPackages\n";
			showEnvVarsInLog = 0;
		};
		B45A96996E87D8C860B48DE9 /* [CP] Check Pods Manifest.lock */ = {
			isa = PBXShellScriptBuildPhase;
			buildActionMask = 2147483647;
			files = (
			);
			inputPaths = (
				"${PODS_PODFILE_DIR_PATH}/Podfile.lock",
				"${PODS_ROOT}/Manifest.lock",
			);
			name = "[CP] Check Pods Manifest.lock";
			outputPaths = (
				"$(DERIVED_FILE_DIR)/Pods-SimulatorRecorder-checkManifestLockResult.txt",
			);
			runOnlyForDeploymentPostprocessing = 0;
			shellPath = /bin/sh;
			shellScript = "diff \"${PODS_PODFILE_DIR_PATH}/Podfile.lock\" \"${PODS_ROOT}/Manifest.lock\" > /dev/null\nif [ $? != 0 ] ; then\n    # print error to STDERR\n    echo \"error: The sandbox is not in sync with the Podfile.lock. Run 'pod install' or update your CocoaPods installation.\" >&2\n    exit 1\nfi\n# This output is used by Xcode 'outputs' to avoid re-running this script phase.\necho \"SUCCESS\" > \"${SCRIPT_OUTPUT_FILE_0}\"\n";
			showEnvVarsInLog = 0;
		};
		C684F2D5A038EE71F984772A /* [CP] Copy Pods Resources */ = {
			isa = PBXShellScriptBuildPhase;
			buildActionMask = 2147483647;
			files = (
			);
			inputFileListPaths = (
			);
			inputPaths = (
				"${SRCROOT}/../Pods/Target Support Files/Pods-SimulatorRecorder/Pods-SimulatorRecorder-resources.sh",
				"${PODS_CONFIGURATION_BUILD_DIR}/GEAppConfig/GEAppConfig-Sources.bundle",
				"${PODS_CONFIGURATION_BUILD_DIR}/SimulatorRecorder/SimulatorRecorder-Sources.bundle",
				"${PODS_CONFIGURATION_BUILD_DIR}/SimulatorRecorder/SimulatorRecorderTests-Sources.bundle",
			);
			name = "[CP] Copy Pods Resources";
			outputFileListPaths = (
			);
			outputPaths = (
				"${TARGET_BUILD_DIR}/${UNLOCALIZED_RESOURCES_FOLDER_PATH}/GEAppConfig-Sources.bundle",
				"${TARGET_BUILD_DIR}/${UNLOCALIZED_RESOURCES_FOLDER_PATH}/SimulatorRecorder-Sources.bundle",
				"${TARGET_BUILD_DIR}/${UNLOCALIZED_RESOURCES_FOLDER_PATH}/SimulatorRecorderTests-Sources.bundle",
			);
			runOnlyForDeploymentPostprocessing = 0;
			shellPath = /bin/sh;
			shellScript = "\"${SRCROOT}/../Pods/Target Support Files/Pods-SimulatorRecorder/Pods-SimulatorRecorder-resources.sh\"\n";
			showEnvVarsInLog = 0;
		};
/* End PBXShellScriptBuildPhase section */

/* Begin PBXSourcesBuildPhase section */
		C479DD9A202266BF00E0A11D /* Sources */ = {
			isa = PBXSourcesBuildPhase;
			buildActionMask = 2147483647;
			files = (
				C479DDA4202266BF00E0A11D /* ViewController.swift in Sources */,
				C43380DC21599FDB00A28F54 /* DockTileController.swift in Sources */,
				C4F760BB21284DC600CBDFF3 /* NSArrayControllerExtensions.swift in Sources */,
				C4C597D42159A6A0006F7640 /* AppDockTileControllerDataSource.swift in Sources */,
				C41152A62028F78300DDB293 /* PathFromFilePathOrURLTransformer.swift in Sources */,
				C43FFB592129CCE300F36526 /* RecordingControllerRecordingState.swift in Sources */,
				C479DDA2202266BF00E0A11D /* AppDelegate.swift in Sources */,
				C424A24E2025A88B00320E48 /* main.swift in Sources */,
				C4CC78CD2161841000300C65 /* MainWindowController.swift in Sources */,
				C4F760BF2128E3FF00CBDFF3 /* PreferencesPaneViewController.swift in Sources */,
				A181382B20FF221A002CCD7C /* RecordingController.swift in Sources */,
				C43380DE2159A38400A28F54 /* AppDockTileIcon.swift in Sources */,
				C4844F1D202A722100FFB5BA /* PopUpButtonLikePathControl.swift in Sources */,
				C479DDE32023ECE100E0A11D /* RecordingNameFieldDelegate.swift in Sources */,
				C46C530C211A6FF00041D8C6 /* RecordingInteractor.swift in Sources */,
				C479DDE12023EA8E00E0A11D /* RecordingNamingPreferencesViewController.swift in Sources */,
				A1A19F5C202A2498004170D8 /* RecordingNameFormatTransformer.swift in Sources */,
				C428604D214B3EE100825AB1 /* AppStatusItemControllerSource.swift in Sources */,
				C4F760BD21284E9500CBDFF3 /* DeviceRecorder.swift in Sources */,
				C433AE26211E3D1E000A8501 /* Defaults.swift in Sources */,
				C4088C58211764B2000CE9B8 /* ExportableImports.swift in Sources */,
				C4E43E9A2103CCD4007A6FAC /* UserNotifications.swift in Sources */,
				C43FFB5B2129D15000F36526 /* ObservableRecordingState.swift in Sources */,
				C497D2DF2152C4A900D2AE93 /* ShortcutBinding.swift in Sources */,
				C479DDE52023FEE800E0A11D /* RecordingNameTokenObject.swift in Sources */,
				C41152AA20291E8C00DDB293 /* StatusItemController.swift in Sources */,
				C41152AE20292F7D00DDB293 /* PreferencesWindowController.swift in Sources */,
				C4AC52F8202662C2005A0FCD /* RecordingNameToken.swift in Sources */,
				C428604B214B3EA500825AB1 /* AppStatusIcon.swift in Sources */,
				C4D56E94210CFA30003404FC /* GeneralPreferencesViewController.swift in Sources */,
				C41152A820290B1D00DDB293 /* DefaultsRegistration.swift in Sources */,
				C4AC951A212757670070A911 /* SimulatorController.swift in Sources */,
			);
			runOnlyForDeploymentPostprocessing = 0;
		};
		C479DDAC202266C000E0A11D /* Sources */ = {
			isa = PBXSourcesBuildPhase;
			buildActionMask = 2147483647;
			files = (
				C479DDB5202266C000E0A11D /* SimulatorRecorderTests.swift in Sources */,
			);
			runOnlyForDeploymentPostprocessing = 0;
		};
		C479DDB7202266C000E0A11D /* Sources */ = {
			isa = PBXSourcesBuildPhase;
			buildActionMask = 2147483647;
			files = (
				C479DDC0202266C000E0A11D /* SimulatorRecorderUITests.swift in Sources */,
			);
			runOnlyForDeploymentPostprocessing = 0;
		};
/* End PBXSourcesBuildPhase section */

/* Begin PBXTargetDependency section */
		C479DDB2202266C000E0A11D /* PBXTargetDependency */ = {
			isa = PBXTargetDependency;
			target = C479DD9D202266BF00E0A11D /* SimulatorRecorder */;
			targetProxy = C479DDB1202266C000E0A11D /* PBXContainerItemProxy */;
		};
		C479DDBD202266C000E0A11D /* PBXTargetDependency */ = {
			isa = PBXTargetDependency;
			target = C479DD9D202266BF00E0A11D /* SimulatorRecorder */;
			targetProxy = C479DDBC202266C000E0A11D /* PBXContainerItemProxy */;
		};
/* End PBXTargetDependency section */

/* Begin PBXVariantGroup section */
		C479DDA7202266BF00E0A11D /* Main.storyboard */ = {
			isa = PBXVariantGroup;
			children = (
				C479DDA8202266BF00E0A11D /* Base */,
			);
			name = Main.storyboard;
			sourceTree = "<group>";
		};
		C4844F19202A5B7500FFB5BA /* Preferences.storyboard */ = {
			isa = PBXVariantGroup;
			children = (
				C4844F1A202A5B7600FFB5BA /* Base */,
			);
			name = Preferences.storyboard;
			sourceTree = "<group>";
		};
/* End PBXVariantGroup section */

/* Begin XCBuildConfiguration section */
		C479DDC2202266C000E0A11D /* Debug */ = {
			isa = XCBuildConfiguration;
			baseConfigurationReference = C4FF30202106605F00999603 /* SimulatorRecorder.xcconfig */;
			buildSettings = {
				ALWAYS_SEARCH_USER_PATHS = NO;
				CLANG_ANALYZER_NONNULL = YES;
				CLANG_ANALYZER_NUMBER_OBJECT_CONVERSION = YES_AGGRESSIVE;
				CLANG_CXX_LANGUAGE_STANDARD = "gnu++14";
				CLANG_CXX_LIBRARY = "libc++";
				CLANG_ENABLE_MODULES = YES;
				CLANG_ENABLE_OBJC_ARC = YES;
				CLANG_WARN_BLOCK_CAPTURE_AUTORELEASING = YES;
				CLANG_WARN_BOOL_CONVERSION = YES;
				CLANG_WARN_COMMA = YES;
				CLANG_WARN_CONSTANT_CONVERSION = YES;
				CLANG_WARN_DEPRECATED_OBJC_IMPLEMENTATIONS = YES;
				CLANG_WARN_DIRECT_OBJC_ISA_USAGE = YES_ERROR;
				CLANG_WARN_DOCUMENTATION_COMMENTS = YES;
				CLANG_WARN_EMPTY_BODY = YES;
				CLANG_WARN_ENUM_CONVERSION = YES;
				CLANG_WARN_INFINITE_RECURSION = YES;
				CLANG_WARN_INT_CONVERSION = YES;
				CLANG_WARN_NON_LITERAL_NULL_CONVERSION = YES;
				CLANG_WARN_OBJC_IMPLICIT_RETAIN_SELF = YES;
				CLANG_WARN_OBJC_LITERAL_CONVERSION = YES;
				CLANG_WARN_OBJC_ROOT_CLASS = YES_ERROR;
				CLANG_WARN_RANGE_LOOP_ANALYSIS = YES;
				CLANG_WARN_STRICT_PROTOTYPES = YES;
				CLANG_WARN_SUSPICIOUS_MOVE = YES;
				CLANG_WARN_UNGUARDED_AVAILABILITY = YES_AGGRESSIVE;
				CLANG_WARN_UNREACHABLE_CODE = YES;
				CLANG_WARN__DUPLICATE_METHOD_MATCH = YES;
				CODE_SIGN_IDENTITY = "Mac Developer";
				COPY_PHASE_STRIP = NO;
				DEBUG_INFORMATION_FORMAT = dwarf;
				ENABLE_STRICT_OBJC_MSGSEND = YES;
				ENABLE_TESTABILITY = YES;
				GCC_C_LANGUAGE_STANDARD = gnu11;
				GCC_DYNAMIC_NO_PIC = NO;
				GCC_NO_COMMON_BLOCKS = YES;
				GCC_OPTIMIZATION_LEVEL = 0;
				GCC_PREPROCESSOR_DEFINITIONS = (
					"DEBUG=1",
					"$(inherited)",
				);
				GCC_WARN_64_TO_32_BIT_CONVERSION = YES;
				GCC_WARN_ABOUT_RETURN_TYPE = YES_ERROR;
				GCC_WARN_UNDECLARED_SELECTOR = YES;
				GCC_WARN_UNINITIALIZED_AUTOS = YES_AGGRESSIVE;
				GCC_WARN_UNUSED_FUNCTION = YES;
				GCC_WARN_UNUSED_VARIABLE = YES;
				GE_XCODE_BUILD_PHASES = "$(SRCROOT)/../XcodeBuildPhases";
				MACOSX_DEPLOYMENT_TARGET = 10.13;
				MTL_ENABLE_DEBUG_INFO = YES;
				ONLY_ACTIVE_ARCH = YES;
				SDKROOT = macosx;
				SWIFT_ACTIVE_COMPILATION_CONDITIONS = DEBUG;
				SWIFT_OPTIMIZATION_LEVEL = "-Onone";
				SWIFT_VERSION = 4.2;
			};
			name = Debug;
		};
		C479DDC3202266C000E0A11D /* Release */ = {
			isa = XCBuildConfiguration;
			baseConfigurationReference = C4FF30202106605F00999603 /* SimulatorRecorder.xcconfig */;
			buildSettings = {
				ALWAYS_SEARCH_USER_PATHS = NO;
				CLANG_ANALYZER_NONNULL = YES;
				CLANG_ANALYZER_NUMBER_OBJECT_CONVERSION = YES_AGGRESSIVE;
				CLANG_CXX_LANGUAGE_STANDARD = "gnu++14";
				CLANG_CXX_LIBRARY = "libc++";
				CLANG_ENABLE_MODULES = YES;
				CLANG_ENABLE_OBJC_ARC = YES;
				CLANG_WARN_BLOCK_CAPTURE_AUTORELEASING = YES;
				CLANG_WARN_BOOL_CONVERSION = YES;
				CLANG_WARN_COMMA = YES;
				CLANG_WARN_CONSTANT_CONVERSION = YES;
				CLANG_WARN_DEPRECATED_OBJC_IMPLEMENTATIONS = YES;
				CLANG_WARN_DIRECT_OBJC_ISA_USAGE = YES_ERROR;
				CLANG_WARN_DOCUMENTATION_COMMENTS = YES;
				CLANG_WARN_EMPTY_BODY = YES;
				CLANG_WARN_ENUM_CONVERSION = YES;
				CLANG_WARN_INFINITE_RECURSION = YES;
				CLANG_WARN_INT_CONVERSION = YES;
				CLANG_WARN_NON_LITERAL_NULL_CONVERSION = YES;
				CLANG_WARN_OBJC_IMPLICIT_RETAIN_SELF = YES;
				CLANG_WARN_OBJC_LITERAL_CONVERSION = YES;
				CLANG_WARN_OBJC_ROOT_CLASS = YES_ERROR;
				CLANG_WARN_RANGE_LOOP_ANALYSIS = YES;
				CLANG_WARN_STRICT_PROTOTYPES = YES;
				CLANG_WARN_SUSPICIOUS_MOVE = YES;
				CLANG_WARN_UNGUARDED_AVAILABILITY = YES_AGGRESSIVE;
				CLANG_WARN_UNREACHABLE_CODE = YES;
				CLANG_WARN__DUPLICATE_METHOD_MATCH = YES;
				CODE_SIGN_IDENTITY = "Mac Developer";
				COPY_PHASE_STRIP = NO;
				DEBUG_INFORMATION_FORMAT = "dwarf-with-dsym";
				ENABLE_NS_ASSERTIONS = NO;
				ENABLE_STRICT_OBJC_MSGSEND = YES;
				GCC_C_LANGUAGE_STANDARD = gnu11;
				GCC_NO_COMMON_BLOCKS = YES;
				GCC_WARN_64_TO_32_BIT_CONVERSION = YES;
				GCC_WARN_ABOUT_RETURN_TYPE = YES_ERROR;
				GCC_WARN_UNDECLARED_SELECTOR = YES;
				GCC_WARN_UNINITIALIZED_AUTOS = YES_AGGRESSIVE;
				GCC_WARN_UNUSED_FUNCTION = YES;
				GCC_WARN_UNUSED_VARIABLE = YES;
				GE_XCODE_BUILD_PHASES = "$(SRCROOT)/../XcodeBuildPhases";
				MACOSX_DEPLOYMENT_TARGET = 10.13;
				MTL_ENABLE_DEBUG_INFO = NO;
				SDKROOT = macosx;
				SWIFT_OPTIMIZATION_LEVEL = "-Owholemodule";
				SWIFT_VERSION = 4.2;
			};
			name = Release;
		};
		C479DDC5202266C000E0A11D /* Debug */ = {
			isa = XCBuildConfiguration;
			baseConfigurationReference = C4145B3A217B230E00708B94 /* SimulatorRecorder-app.debug.xcconfig */;
			buildSettings = {
				ASSETCATALOG_COMPILER_APPICON_NAME = AppIcon;
				CLANG_ENABLE_MODULES = YES;
				CODE_SIGN_IDENTITY = "Mac Developer";
				CODE_SIGN_STYLE = Automatic;
				COMBINE_HIDPI_IMAGES = YES;
				DEVELOPMENT_TEAM = 465NA5BW7E;
				ENABLE_HARDENED_RUNTIME = YES;
				INFOPLIST_FILE = SimulatorRecorder/App/Info.plist;
				LD_RUNPATH_SEARCH_PATHS = "$(inherited) @executable_path/../Frameworks";
				PRODUCT_BUNDLE_IDENTIFIER = com.grigorye.SimulatorRecorder;
				PRODUCT_DEFINITION_PLIST = "$(TARGET_NAME)/Distribution/ProductDefinition.plist";
				PRODUCT_NAME = "$(TARGET_NAME)";
				PROVISIONING_PROFILE_SPECIFIER = "";
				SWIFT_OPTIMIZATION_LEVEL = "-Onone";
			};
			name = Debug;
		};
		C479DDC6202266C000E0A11D /* Release */ = {
			isa = XCBuildConfiguration;
			baseConfigurationReference = C4145B3B217B235B00708B94 /* SimulatorRecorder-app.release.xcconfig */;
			buildSettings = {
				ASSETCATALOG_COMPILER_APPICON_NAME = AppIcon;
				CLANG_ENABLE_MODULES = YES;
				CODE_SIGN_IDENTITY = "Mac Developer";
				CODE_SIGN_STYLE = Automatic;
				COMBINE_HIDPI_IMAGES = YES;
				DEVELOPMENT_TEAM = 465NA5BW7E;
				ENABLE_HARDENED_RUNTIME = YES;
				INFOPLIST_FILE = SimulatorRecorder/App/Info.plist;
				LD_RUNPATH_SEARCH_PATHS = "$(inherited) @executable_path/../Frameworks";
				PRODUCT_BUNDLE_IDENTIFIER = com.grigorye.SimulatorRecorder;
				PRODUCT_DEFINITION_PLIST = "$(TARGET_NAME)/Distribution/ProductDefinition.plist";
				PRODUCT_NAME = "$(TARGET_NAME)";
				PROVISIONING_PROFILE_SPECIFIER = "";
			};
			name = Release;
		};
		C479DDC8202266C000E0A11D /* Debug */ = {
			isa = XCBuildConfiguration;
			baseConfigurationReference = 044F0AAEFC02A70981C0ADFD /* Pods-SimulatorRecorderTests.debug.xcconfig */;
			buildSettings = {
				ALWAYS_EMBED_SWIFT_STANDARD_LIBRARIES = YES;
				BUNDLE_LOADER = "$(TEST_HOST)";
				CODE_SIGN_STYLE = Automatic;
				COMBINE_HIDPI_IMAGES = YES;
				DEVELOPMENT_TEAM = 465NA5BW7E;
				INFOPLIST_FILE = SimulatorRecorderTests/Info.plist;
				LD_RUNPATH_SEARCH_PATHS = "$(inherited) @executable_path/../Frameworks @loader_path/../Frameworks";
				PRODUCT_BUNDLE_IDENTIFIER = com.grigorye.SimulatorRecorderTests;
				PRODUCT_NAME = "$(TARGET_NAME)";
				TEST_HOST = "$(BUILT_PRODUCTS_DIR)/SimulatorRecorder.app/Contents/MacOS/SimulatorRecorder";
			};
			name = Debug;
		};
		C479DDC9202266C000E0A11D /* Release */ = {
			isa = XCBuildConfiguration;
			baseConfigurationReference = 1F98DE4A8B3D256F0A1EB7E3 /* Pods-SimulatorRecorderTests.release.xcconfig */;
			buildSettings = {
				ALWAYS_EMBED_SWIFT_STANDARD_LIBRARIES = YES;
				BUNDLE_LOADER = "$(TEST_HOST)";
				CODE_SIGN_STYLE = Automatic;
				COMBINE_HIDPI_IMAGES = YES;
				DEVELOPMENT_TEAM = 465NA5BW7E;
				INFOPLIST_FILE = SimulatorRecorderTests/Info.plist;
				LD_RUNPATH_SEARCH_PATHS = "$(inherited) @executable_path/../Frameworks @loader_path/../Frameworks";
				PRODUCT_BUNDLE_IDENTIFIER = com.grigorye.SimulatorRecorderTests;
				PRODUCT_NAME = "$(TARGET_NAME)";
				TEST_HOST = "$(BUILT_PRODUCTS_DIR)/SimulatorRecorder.app/Contents/MacOS/SimulatorRecorder";
			};
			name = Release;
		};
		C479DDCB202266C000E0A11D /* Debug */ = {
			isa = XCBuildConfiguration;
			baseConfigurationReference = 02B441F4AAAFDCE081177DD7 /* Pods-SimulatorRecorderUITests.debug.xcconfig */;
			buildSettings = {
				ALWAYS_EMBED_SWIFT_STANDARD_LIBRARIES = YES;
				CODE_SIGN_STYLE = Automatic;
				COMBINE_HIDPI_IMAGES = YES;
				DEVELOPMENT_TEAM = 465NA5BW7E;
				INFOPLIST_FILE = SimulatorRecorderUITests/Info.plist;
				LD_RUNPATH_SEARCH_PATHS = "$(inherited) @executable_path/../Frameworks @loader_path/../Frameworks";
				PRODUCT_BUNDLE_IDENTIFIER = com.grigorye.SimulatorRecorderUITests;
				PRODUCT_NAME = "$(TARGET_NAME)";
				TEST_TARGET_NAME = SimulatorRecorder;
			};
			name = Debug;
		};
		C479DDCC202266C000E0A11D /* Release */ = {
			isa = XCBuildConfiguration;
			baseConfigurationReference = 0D4094339B1CD273E69F71F1 /* Pods-SimulatorRecorderUITests.release.xcconfig */;
			buildSettings = {
				ALWAYS_EMBED_SWIFT_STANDARD_LIBRARIES = YES;
				CODE_SIGN_STYLE = Automatic;
				COMBINE_HIDPI_IMAGES = YES;
				DEVELOPMENT_TEAM = 465NA5BW7E;
				INFOPLIST_FILE = SimulatorRecorderUITests/Info.plist;
				LD_RUNPATH_SEARCH_PATHS = "$(inherited) @executable_path/../Frameworks @loader_path/../Frameworks";
				PRODUCT_BUNDLE_IDENTIFIER = com.grigorye.SimulatorRecorderUITests;
				PRODUCT_NAME = "$(TARGET_NAME)";
				TEST_TARGET_NAME = SimulatorRecorder;
			};
			name = Release;
		};
/* End XCBuildConfiguration section */

/* Begin XCConfigurationList section */
		C479DD99202266BF00E0A11D /* Build configuration list for PBXProject "SimulatorRecorder" */ = {
			isa = XCConfigurationList;
			buildConfigurations = (
				C479DDC2202266C000E0A11D /* Debug */,
				C479DDC3202266C000E0A11D /* Release */,
			);
			defaultConfigurationIsVisible = 0;
			defaultConfigurationName = Release;
		};
		C479DDC4202266C000E0A11D /* Build configuration list for PBXNativeTarget "SimulatorRecorder" */ = {
			isa = XCConfigurationList;
			buildConfigurations = (
				C479DDC5202266C000E0A11D /* Debug */,
				C479DDC6202266C000E0A11D /* Release */,
			);
			defaultConfigurationIsVisible = 0;
			defaultConfigurationName = Release;
		};
		C479DDC7202266C000E0A11D /* Build configuration list for PBXNativeTarget "SimulatorRecorderTests" */ = {
			isa = XCConfigurationList;
			buildConfigurations = (
				C479DDC8202266C000E0A11D /* Debug */,
				C479DDC9202266C000E0A11D /* Release */,
			);
			defaultConfigurationIsVisible = 0;
			defaultConfigurationName = Release;
		};
		C479DDCA202266C000E0A11D /* Build configuration list for PBXNativeTarget "SimulatorRecorderUITests" */ = {
			isa = XCConfigurationList;
			buildConfigurations = (
				C479DDCB202266C000E0A11D /* Debug */,
				C479DDCC202266C000E0A11D /* Release */,
			);
			defaultConfigurationIsVisible = 0;
			defaultConfigurationName = Release;
		};
/* End XCConfigurationList section */
	};
	rootObject = C479DD96202266BF00E0A11D /* Project object */;
}
