// !$*UTF8*$!
{
	archiveVersion = 1;
	classes = {
	};
	objectVersion = 48;
	objects = {

/* Begin PBXBuildFile section */
		0A1410D8B496F95FDEB502E7 /* ModuleExports-GEFoundation.swift in Embed Sources */ = {isa = PBXBuildFile; fileRef = C424A24A202529C100320E48 /* ModuleExports-GEFoundation.swift */; };
		136DD1FF16F2CE76F88D74A7 /* RecordingNameToken.swift in Embed Sources */ = {isa = PBXBuildFile; fileRef = C4AC52F7202662C2005A0FCD /* RecordingNameToken.swift */; };
		220EE71EFD4F0E4ADE2CA9DC /* RecordingNamingPreferencesViewController.swift in Embed Sources */ = {isa = PBXBuildFile; fileRef = C479DDE02023EA8E00E0A11D /* RecordingNamingPreferencesViewController.swift */; };
		23DBE09D964B239DBEC784A6 /* Pods_SimulatorRecorderUITests.framework in Frameworks */ = {isa = PBXBuildFile; fileRef = 30C7B3A5A3B4C3E03502BF3D /* Pods_SimulatorRecorderUITests.framework */; };
		3CB6CCC64CA5B5ECF55E93F1 /* RecordingNameTokenObject.swift in Embed Sources */ = {isa = PBXBuildFile; fileRef = C479DDE42023FEE800E0A11D /* RecordingNameTokenObject.swift */; };
		4495DD2877227BF72EAB6DD8 /* ModuleExports-GETracing.swift in Embed Sources */ = {isa = PBXBuildFile; fileRef = C424A249202529C100320E48 /* ModuleExports-GETracing.swift */; };
		58C6B781EF6D53352436AE4A /* SimulatorRecorderUITests.swift in Embed Sources */ = {isa = PBXBuildFile; fileRef = C479DDBF202266C000E0A11D /* SimulatorRecorderUITests.swift */; };
		6729B28E2A7C26C5DBB9903D /* AppDelegate.swift in Embed Sources */ = {isa = PBXBuildFile; fileRef = C479DDA1202266BF00E0A11D /* AppDelegate.swift */; };
		75058297C89597B48E8DAAEF /* main.swift in Embed Sources */ = {isa = PBXBuildFile; fileRef = C424A24D2025A88B00320E48 /* main.swift */; };
		A181382B20FF221A002CCD7C /* RecordingController.swift in Sources */ = {isa = PBXBuildFile; fileRef = A181382A20FF221A002CCD7C /* RecordingController.swift */; };
		A1A19F5C202A2498004170D8 /* RecordingNameFormatTransformer.swift in Sources */ = {isa = PBXBuildFile; fileRef = A1A19F5B202A2498004170D8 /* RecordingNameFormatTransformer.swift */; };
		A4F9C272AE48785F5EF9B662 /* ViewController.swift in Embed Sources */ = {isa = PBXBuildFile; fileRef = C479DDA3202266BF00E0A11D /* ViewController.swift */; };
		C0983B5B3E3EB8BB50ECEE51 /* Pods_SimulatorRecorderTests.framework in Frameworks */ = {isa = PBXBuildFile; fileRef = A92173DE8BF3C468D4C35C47 /* Pods_SimulatorRecorderTests.framework */; };
		C213E69B8F1854FD7CC988D2 /* RecordingNameFieldDelegate.swift in Embed Sources */ = {isa = PBXBuildFile; fileRef = C479DDE22023ECE100E0A11D /* RecordingNameFieldDelegate.swift */; };
		C41152A62028F78300DDB293 /* PathFromFilePathOrURLTransformer.swift in Sources */ = {isa = PBXBuildFile; fileRef = C41152A52028F78300DDB293 /* PathFromFilePathOrURLTransformer.swift */; };
		C41152A820290B1D00DDB293 /* DefaultsRegistration.swift in Sources */ = {isa = PBXBuildFile; fileRef = C41152A720290B1D00DDB293 /* DefaultsRegistration.swift */; };
		C41152AA20291E8C00DDB293 /* StatusItemController.swift in Sources */ = {isa = PBXBuildFile; fileRef = C41152A920291E8C00DDB293 /* StatusItemController.swift */; };
		C41152AC2029224000DDB293 /* StatusItem.xib in Resources */ = {isa = PBXBuildFile; fileRef = C41152AB2029224000DDB293 /* StatusItem.xib */; };
		C41152AE20292F7D00DDB293 /* PreferencesWindowController.swift in Sources */ = {isa = PBXBuildFile; fileRef = C41152AD20292F7D00DDB293 /* PreferencesWindowController.swift */; };
		C41F4C362028B3200090E79B /* Defaults.plist in Resources */ = {isa = PBXBuildFile; fileRef = C41F4C352028B3200090E79B /* Defaults.plist */; };
		C424A2442025254500320E48 /* GEFoundation.framework in Frameworks */ = {isa = PBXBuildFile; fileRef = C424A2432025254500320E48 /* GEFoundation.framework */; };
		C424A2452025254500320E48 /* GEFoundation.framework in Embed Frameworks */ = {isa = PBXBuildFile; fileRef = C424A2432025254500320E48 /* GEFoundation.framework */; settings = {ATTRIBUTES = (CodeSignOnCopy, RemoveHeadersOnCopy, ); }; };
		C424A2472025255E00320E48 /* GETracing.framework in Frameworks */ = {isa = PBXBuildFile; fileRef = C424A2462025255E00320E48 /* GETracing.framework */; };
		C424A2482025255E00320E48 /* GETracing.framework in Embed Frameworks */ = {isa = PBXBuildFile; fileRef = C424A2462025255E00320E48 /* GETracing.framework */; settings = {ATTRIBUTES = (CodeSignOnCopy, RemoveHeadersOnCopy, ); }; };
		C424A24B202529C100320E48 /* ModuleExports-GETracing.swift in Sources */ = {isa = PBXBuildFile; fileRef = C424A249202529C100320E48 /* ModuleExports-GETracing.swift */; };
		C424A24C202529C100320E48 /* ModuleExports-GEFoundation.swift in Sources */ = {isa = PBXBuildFile; fileRef = C424A24A202529C100320E48 /* ModuleExports-GEFoundation.swift */; };
		C424A24E2025A88B00320E48 /* main.swift in Sources */ = {isa = PBXBuildFile; fileRef = C424A24D2025A88B00320E48 /* main.swift */; };
		C461E54C2050FBAA0063D5C5 /* GlobalKeyboardShortcutMonitor.swift in Sources */ = {isa = PBXBuildFile; fileRef = C461E54B2050FBAA0063D5C5 /* GlobalKeyboardShortcutMonitor.swift */; };
		C479DDA2202266BF00E0A11D /* AppDelegate.swift in Sources */ = {isa = PBXBuildFile; fileRef = C479DDA1202266BF00E0A11D /* AppDelegate.swift */; };
		C479DDA4202266BF00E0A11D /* ViewController.swift in Sources */ = {isa = PBXBuildFile; fileRef = C479DDA3202266BF00E0A11D /* ViewController.swift */; };
		C479DDA6202266BF00E0A11D /* Assets.xcassets in Resources */ = {isa = PBXBuildFile; fileRef = C479DDA5202266BF00E0A11D /* Assets.xcassets */; };
		C479DDA9202266BF00E0A11D /* Main.storyboard in Resources */ = {isa = PBXBuildFile; fileRef = C479DDA7202266BF00E0A11D /* Main.storyboard */; };
		C479DDB5202266C000E0A11D /* SimulatorRecorderTests.swift in Sources */ = {isa = PBXBuildFile; fileRef = C479DDB4202266C000E0A11D /* SimulatorRecorderTests.swift */; };
		C479DDC0202266C000E0A11D /* SimulatorRecorderUITests.swift in Sources */ = {isa = PBXBuildFile; fileRef = C479DDBF202266C000E0A11D /* SimulatorRecorderUITests.swift */; };
		C479DDD720226D8200E0A11D /* simulatorName in Resources */ = {isa = PBXBuildFile; fileRef = C479DDCE20226B2300E0A11D /* simulatorName */; };
		C479DDD820226D8200E0A11D /* recordVideo in Resources */ = {isa = PBXBuildFile; fileRef = C479DDCF20226B2400E0A11D /* recordVideo */; };
		C479DDDB20227A7900E0A11D /* timestamp in Resources */ = {isa = PBXBuildFile; fileRef = C479DDDA20227A7900E0A11D /* timestamp */; };
		C479DDE12023EA8E00E0A11D /* RecordingNamingPreferencesViewController.swift in Sources */ = {isa = PBXBuildFile; fileRef = C479DDE02023EA8E00E0A11D /* RecordingNamingPreferencesViewController.swift */; };
		C479DDE32023ECE100E0A11D /* RecordingNameFieldDelegate.swift in Sources */ = {isa = PBXBuildFile; fileRef = C479DDE22023ECE100E0A11D /* RecordingNameFieldDelegate.swift */; };
		C479DDE52023FEE800E0A11D /* RecordingNameTokenObject.swift in Sources */ = {isa = PBXBuildFile; fileRef = C479DDE42023FEE800E0A11D /* RecordingNameTokenObject.swift */; };
		C4844F1B202A5BA100FFB5BA /* Preferences.storyboard in Resources */ = {isa = PBXBuildFile; fileRef = C4844F19202A5B7500FFB5BA /* Preferences.storyboard */; };
		C4844F1D202A722100FFB5BA /* PopUpButtonLikePathControl.swift in Sources */ = {isa = PBXBuildFile; fileRef = C4844F1C202A722100FFB5BA /* PopUpButtonLikePathControl.swift */; };
		C4AC52F8202662C2005A0FCD /* RecordingNameToken.swift in Sources */ = {isa = PBXBuildFile; fileRef = C4AC52F7202662C2005A0FCD /* RecordingNameToken.swift */; };
		D0CF358CD14989AB3C40FC0B /* SimulatorRecorderTests.swift in Embed Sources */ = {isa = PBXBuildFile; fileRef = C479DDB4202266C000E0A11D /* SimulatorRecorderTests.swift */; };
		DFFB3B3589AB7D8B5AF3E76B /* Pods_SimulatorRecorder.framework in Frameworks */ = {isa = PBXBuildFile; fileRef = 922034985B052AD0AC145592 /* Pods_SimulatorRecorder.framework */; };
/* End PBXBuildFile section */

/* Begin PBXContainerItemProxy section */
		C479DDB1202266C000E0A11D /* PBXContainerItemProxy */ = {
			isa = PBXContainerItemProxy;
			containerPortal = C479DD96202266BF00E0A11D /* Project object */;
			proxyType = 1;
			remoteGlobalIDString = C479DD9D202266BF00E0A11D;
			remoteInfo = SimulatorRecorder;
		};
		C479DDBC202266C000E0A11D /* PBXContainerItemProxy */ = {
			isa = PBXContainerItemProxy;
			containerPortal = C479DD96202266BF00E0A11D /* Project object */;
			proxyType = 1;
			remoteGlobalIDString = C479DD9D202266BF00E0A11D;
			remoteInfo = SimulatorRecorder;
		};
/* End PBXContainerItemProxy section */

/* Begin PBXCopyFilesBuildPhase section */
		5035D22810B4C0D71550C940 /* Embed Sources */ = {
			isa = PBXCopyFilesBuildPhase;
			buildActionMask = 2147483647;
			dstPath = "Sources/$(TARGET_NAME)";
			dstSubfolderSpec = 7;
			files = (
				A4F9C272AE48785F5EF9B662 /* ViewController.swift in Embed Sources */,
				6729B28E2A7C26C5DBB9903D /* AppDelegate.swift in Embed Sources */,
				75058297C89597B48E8DAAEF /* main.swift in Embed Sources */,
				4495DD2877227BF72EAB6DD8 /* ModuleExports-GETracing.swift in Embed Sources */,
				C213E69B8F1854FD7CC988D2 /* RecordingNameFieldDelegate.swift in Embed Sources */,
				220EE71EFD4F0E4ADE2CA9DC /* RecordingNamingPreferencesViewController.swift in Embed Sources */,
				3CB6CCC64CA5B5ECF55E93F1 /* RecordingNameTokenObject.swift in Embed Sources */,
				0A1410D8B496F95FDEB502E7 /* ModuleExports-GEFoundation.swift in Embed Sources */,
				136DD1FF16F2CE76F88D74A7 /* RecordingNameToken.swift in Embed Sources */,
			);
			name = "Embed Sources";
			runOnlyForDeploymentPostprocessing = 0;
		};
		78D777791D9839579BD31EC4 /* Embed Sources */ = {
			isa = PBXCopyFilesBuildPhase;
			buildActionMask = 2147483647;
			dstPath = "Sources/$(TARGET_NAME)";
			dstSubfolderSpec = 7;
			files = (
				D0CF358CD14989AB3C40FC0B /* SimulatorRecorderTests.swift in Embed Sources */,
			);
			name = "Embed Sources";
			runOnlyForDeploymentPostprocessing = 0;
		};
		C4FDFCB6202522710017DF19 /* Embed Frameworks */ = {
			isa = PBXCopyFilesBuildPhase;
			buildActionMask = 2147483647;
			dstPath = "";
			dstSubfolderSpec = 10;
			files = (
				C424A2452025254500320E48 /* GEFoundation.framework in Embed Frameworks */,
				C424A2482025255E00320E48 /* GETracing.framework in Embed Frameworks */,
			);
			name = "Embed Frameworks";
			runOnlyForDeploymentPostprocessing = 0;
		};
		E48B8222079AB804F68CD8A3 /* Embed Sources */ = {
			isa = PBXCopyFilesBuildPhase;
			buildActionMask = 2147483647;
			dstPath = "Sources/$(TARGET_NAME)";
			dstSubfolderSpec = 7;
			files = (
				58C6B781EF6D53352436AE4A /* SimulatorRecorderUITests.swift in Embed Sources */,
			);
			name = "Embed Sources";
			runOnlyForDeploymentPostprocessing = 0;
		};
/* End PBXCopyFilesBuildPhase section */

/* Begin PBXFileReference section */
		26E51917124787BE1677B1D1 /* Pods-SimulatorRecorderUITests.release.xcconfig */ = {isa = PBXFileReference; includeInIndex = 1; lastKnownFileType = text.xcconfig; name = "Pods-SimulatorRecorderUITests.release.xcconfig"; path = "Pods/Target Support Files/Pods-SimulatorRecorderUITests/Pods-SimulatorRecorderUITests.release.xcconfig"; sourceTree = "<group>"; };
		30C7B3A5A3B4C3E03502BF3D /* Pods_SimulatorRecorderUITests.framework */ = {isa = PBXFileReference; explicitFileType = wrapper.framework; includeInIndex = 0; path = Pods_SimulatorRecorderUITests.framework; sourceTree = BUILT_PRODUCTS_DIR; };
		7E9FBEE26376050C9EF5D545 /* Pods-SimulatorRecorderTests.release.xcconfig */ = {isa = PBXFileReference; includeInIndex = 1; lastKnownFileType = text.xcconfig; name = "Pods-SimulatorRecorderTests.release.xcconfig"; path = "Pods/Target Support Files/Pods-SimulatorRecorderTests/Pods-SimulatorRecorderTests.release.xcconfig"; sourceTree = "<group>"; };
		8D6F775ADA34B77398F2FCEA /* Pods-SimulatorRecorder.release.xcconfig */ = {isa = PBXFileReference; includeInIndex = 1; lastKnownFileType = text.xcconfig; name = "Pods-SimulatorRecorder.release.xcconfig"; path = "Pods/Target Support Files/Pods-SimulatorRecorder/Pods-SimulatorRecorder.release.xcconfig"; sourceTree = "<group>"; };
		922034985B052AD0AC145592 /* Pods_SimulatorRecorder.framework */ = {isa = PBXFileReference; explicitFileType = wrapper.framework; includeInIndex = 0; path = Pods_SimulatorRecorder.framework; sourceTree = BUILT_PRODUCTS_DIR; };
		92F9D9920FB0F54C94E57ACE /* Pods-SimulatorRecorder.debug.xcconfig */ = {isa = PBXFileReference; includeInIndex = 1; lastKnownFileType = text.xcconfig; name = "Pods-SimulatorRecorder.debug.xcconfig"; path = "Pods/Target Support Files/Pods-SimulatorRecorder/Pods-SimulatorRecorder.debug.xcconfig"; sourceTree = "<group>"; };
		9BB91CEE95052C35C796F0CF /* Pods-SimulatorRecorderUITests.debug.xcconfig */ = {isa = PBXFileReference; includeInIndex = 1; lastKnownFileType = text.xcconfig; name = "Pods-SimulatorRecorderUITests.debug.xcconfig"; path = "Pods/Target Support Files/Pods-SimulatorRecorderUITests/Pods-SimulatorRecorderUITests.debug.xcconfig"; sourceTree = "<group>"; };
		A181382A20FF221A002CCD7C /* RecordingController.swift */ = {isa = PBXFileReference; lastKnownFileType = sourcecode.swift; path = RecordingController.swift; sourceTree = "<group>"; };
		A1A19F5B202A2498004170D8 /* RecordingNameFormatTransformer.swift */ = {isa = PBXFileReference; lastKnownFileType = sourcecode.swift; path = RecordingNameFormatTransformer.swift; sourceTree = "<group>"; };
		A92173DE8BF3C468D4C35C47 /* Pods_SimulatorRecorderTests.framework */ = {isa = PBXFileReference; explicitFileType = wrapper.framework; includeInIndex = 0; path = Pods_SimulatorRecorderTests.framework; sourceTree = BUILT_PRODUCTS_DIR; };
		C41152A52028F78300DDB293 /* PathFromFilePathOrURLTransformer.swift */ = {isa = PBXFileReference; lastKnownFileType = sourcecode.swift; path = PathFromFilePathOrURLTransformer.swift; sourceTree = "<group>"; };
		C41152A720290B1D00DDB293 /* DefaultsRegistration.swift */ = {isa = PBXFileReference; lastKnownFileType = sourcecode.swift; path = DefaultsRegistration.swift; sourceTree = "<group>"; };
		C41152A920291E8C00DDB293 /* StatusItemController.swift */ = {isa = PBXFileReference; lastKnownFileType = sourcecode.swift; path = StatusItemController.swift; sourceTree = "<group>"; };
		C41152AB2029224000DDB293 /* StatusItem.xib */ = {isa = PBXFileReference; lastKnownFileType = file.xib; path = StatusItem.xib; sourceTree = "<group>"; };
		C41152AD20292F7D00DDB293 /* PreferencesWindowController.swift */ = {isa = PBXFileReference; lastKnownFileType = sourcecode.swift; path = PreferencesWindowController.swift; sourceTree = "<group>"; };
		C41F4C352028B3200090E79B /* Defaults.plist */ = {isa = PBXFileReference; lastKnownFileType = text.plist.xml; path = Defaults.plist; sourceTree = "<group>"; };
		C424A2432025254500320E48 /* GEFoundation.framework */ = {isa = PBXFileReference; explicitFileType = wrapper.framework; path = GEFoundation.framework; sourceTree = BUILT_PRODUCTS_DIR; };
		C424A2462025255E00320E48 /* GETracing.framework */ = {isa = PBXFileReference; explicitFileType = wrapper.framework; path = GETracing.framework; sourceTree = BUILT_PRODUCTS_DIR; };
		C424A249202529C100320E48 /* ModuleExports-GETracing.swift */ = {isa = PBXFileReference; fileEncoding = 4; lastKnownFileType = sourcecode.swift; name = "ModuleExports-GETracing.swift"; path = "GETracing/GETracing/ModuleExports-GETracing.swift"; sourceTree = "<group>"; };
		C424A24A202529C100320E48 /* ModuleExports-GEFoundation.swift */ = {isa = PBXFileReference; fileEncoding = 4; lastKnownFileType = sourcecode.swift; name = "ModuleExports-GEFoundation.swift"; path = "GEFoundation/GEFoundation/ModuleExports-GEFoundation.swift"; sourceTree = "<group>"; };
		C424A24D2025A88B00320E48 /* main.swift */ = {isa = PBXFileReference; lastKnownFileType = sourcecode.swift; path = main.swift; sourceTree = "<group>"; };
		C461E54B2050FBAA0063D5C5 /* GlobalKeyboardShortcutMonitor.swift */ = {isa = PBXFileReference; lastKnownFileType = sourcecode.swift; path = GlobalKeyboardShortcutMonitor.swift; sourceTree = "<group>"; };
		C479DD9E202266BF00E0A11D /* SimulatorRecorder.app */ = {isa = PBXFileReference; explicitFileType = wrapper.application; includeInIndex = 0; path = SimulatorRecorder.app; sourceTree = BUILT_PRODUCTS_DIR; };
		C479DDA1202266BF00E0A11D /* AppDelegate.swift */ = {isa = PBXFileReference; lastKnownFileType = sourcecode.swift; path = AppDelegate.swift; sourceTree = "<group>"; };
		C479DDA3202266BF00E0A11D /* ViewController.swift */ = {isa = PBXFileReference; lastKnownFileType = sourcecode.swift; path = ViewController.swift; sourceTree = "<group>"; };
		C479DDA5202266BF00E0A11D /* Assets.xcassets */ = {isa = PBXFileReference; lastKnownFileType = folder.assetcatalog; path = Assets.xcassets; sourceTree = "<group>"; };
		C479DDA8202266BF00E0A11D /* Base */ = {isa = PBXFileReference; lastKnownFileType = file.storyboard; name = Base; path = Base.lproj/Main.storyboard; sourceTree = "<group>"; };
		C479DDAA202266BF00E0A11D /* Info.plist */ = {isa = PBXFileReference; lastKnownFileType = text.plist.xml; path = Info.plist; sourceTree = "<group>"; };
		C479DDAB202266BF00E0A11D /* SimulatorRecorder.entitlements */ = {isa = PBXFileReference; lastKnownFileType = text.plist.entitlements; path = SimulatorRecorder.entitlements; sourceTree = "<group>"; };
		C479DDB0202266C000E0A11D /* SimulatorRecorderTests.xctest */ = {isa = PBXFileReference; explicitFileType = wrapper.cfbundle; includeInIndex = 0; path = SimulatorRecorderTests.xctest; sourceTree = BUILT_PRODUCTS_DIR; };
		C479DDB4202266C000E0A11D /* SimulatorRecorderTests.swift */ = {isa = PBXFileReference; lastKnownFileType = sourcecode.swift; path = SimulatorRecorderTests.swift; sourceTree = "<group>"; };
		C479DDB6202266C000E0A11D /* Info.plist */ = {isa = PBXFileReference; lastKnownFileType = text.plist.xml; path = Info.plist; sourceTree = "<group>"; };
		C479DDBB202266C000E0A11D /* SimulatorRecorderUITests.xctest */ = {isa = PBXFileReference; explicitFileType = wrapper.cfbundle; includeInIndex = 0; path = SimulatorRecorderUITests.xctest; sourceTree = BUILT_PRODUCTS_DIR; };
		C479DDBF202266C000E0A11D /* SimulatorRecorderUITests.swift */ = {isa = PBXFileReference; lastKnownFileType = sourcecode.swift; path = SimulatorRecorderUITests.swift; sourceTree = "<group>"; };
		C479DDC1202266C000E0A11D /* Info.plist */ = {isa = PBXFileReference; lastKnownFileType = text.plist.xml; path = Info.plist; sourceTree = "<group>"; };
		C479DDCE20226B2300E0A11D /* simulatorName */ = {isa = PBXFileReference; fileEncoding = 4; lastKnownFileType = text.script.sh; path = simulatorName; sourceTree = "<group>"; };
		C479DDCF20226B2400E0A11D /* recordVideo */ = {isa = PBXFileReference; fileEncoding = 4; lastKnownFileType = text.script.sh; path = recordVideo; sourceTree = "<group>"; };
		C479DDDA20227A7900E0A11D /* timestamp */ = {isa = PBXFileReference; fileEncoding = 4; lastKnownFileType = text.script.sh; path = timestamp; sourceTree = "<group>"; };
		C479DDE02023EA8E00E0A11D /* RecordingNamingPreferencesViewController.swift */ = {isa = PBXFileReference; lastKnownFileType = sourcecode.swift; path = RecordingNamingPreferencesViewController.swift; sourceTree = "<group>"; };
		C479DDE22023ECE100E0A11D /* RecordingNameFieldDelegate.swift */ = {isa = PBXFileReference; lastKnownFileType = sourcecode.swift; path = RecordingNameFieldDelegate.swift; sourceTree = "<group>"; };
		C479DDE42023FEE800E0A11D /* RecordingNameTokenObject.swift */ = {isa = PBXFileReference; lastKnownFileType = sourcecode.swift; path = RecordingNameTokenObject.swift; sourceTree = "<group>"; };
		C4844F1A202A5B7600FFB5BA /* Base */ = {isa = PBXFileReference; lastKnownFileType = file.storyboard; name = Base; path = Base.lproj/Preferences.storyboard; sourceTree = "<group>"; };
		C4844F1C202A722100FFB5BA /* PopUpButtonLikePathControl.swift */ = {isa = PBXFileReference; lastKnownFileType = sourcecode.swift; path = PopUpButtonLikePathControl.swift; sourceTree = "<group>"; };
		C4AC52F7202662C2005A0FCD /* RecordingNameToken.swift */ = {isa = PBXFileReference; lastKnownFileType = sourcecode.swift; path = RecordingNameToken.swift; sourceTree = "<group>"; };
		E19E267D03B721D6BA1FB690 /* Pods-SimulatorRecorderTests.debug.xcconfig */ = {isa = PBXFileReference; includeInIndex = 1; lastKnownFileType = text.xcconfig; name = "Pods-SimulatorRecorderTests.debug.xcconfig"; path = "Pods/Target Support Files/Pods-SimulatorRecorderTests/Pods-SimulatorRecorderTests.debug.xcconfig"; sourceTree = "<group>"; };
/* End PBXFileReference section */

/* Begin PBXFrameworksBuildPhase section */
		C479DD9B202266BF00E0A11D /* Frameworks */ = {
			isa = PBXFrameworksBuildPhase;
			buildActionMask = 2147483647;
			files = (
				C424A2442025254500320E48 /* GEFoundation.framework in Frameworks */,
				C424A2472025255E00320E48 /* GETracing.framework in Frameworks */,
				DFFB3B3589AB7D8B5AF3E76B /* Pods_SimulatorRecorder.framework in Frameworks */,
			);
			runOnlyForDeploymentPostprocessing = 0;
		};
		C479DDAD202266C000E0A11D /* Frameworks */ = {
			isa = PBXFrameworksBuildPhase;
			buildActionMask = 2147483647;
			files = (
				C0983B5B3E3EB8BB50ECEE51 /* Pods_SimulatorRecorderTests.framework in Frameworks */,
			);
			runOnlyForDeploymentPostprocessing = 0;
		};
		C479DDB8202266C000E0A11D /* Frameworks */ = {
			isa = PBXFrameworksBuildPhase;
			buildActionMask = 2147483647;
			files = (
				23DBE09D964B239DBEC784A6 /* Pods_SimulatorRecorderUITests.framework in Frameworks */,
			);
			runOnlyForDeploymentPostprocessing = 0;
		};
/* End PBXFrameworksBuildPhase section */

/* Begin PBXGroup section */
		B1545BF5E53EBFF186E3EF84 /* Pods */ = {
			isa = PBXGroup;
			children = (
				92F9D9920FB0F54C94E57ACE /* Pods-SimulatorRecorder.debug.xcconfig */,
				8D6F775ADA34B77398F2FCEA /* Pods-SimulatorRecorder.release.xcconfig */,
				E19E267D03B721D6BA1FB690 /* Pods-SimulatorRecorderTests.debug.xcconfig */,
				7E9FBEE26376050C9EF5D545 /* Pods-SimulatorRecorderTests.release.xcconfig */,
				9BB91CEE95052C35C796F0CF /* Pods-SimulatorRecorderUITests.debug.xcconfig */,
				26E51917124787BE1677B1D1 /* Pods-SimulatorRecorderUITests.release.xcconfig */,
			);
			name = Pods;
			sourceTree = "<group>";
		};
		C424A2372025244600320E48 /* Frameworks */ = {
			isa = PBXGroup;
			children = (
				C424A24A202529C100320E48 /* ModuleExports-GEFoundation.swift */,
				C424A249202529C100320E48 /* ModuleExports-GETracing.swift */,
				922034985B052AD0AC145592 /* Pods_SimulatorRecorder.framework */,
				A92173DE8BF3C468D4C35C47 /* Pods_SimulatorRecorderTests.framework */,
				30C7B3A5A3B4C3E03502BF3D /* Pods_SimulatorRecorderUITests.framework */,
			);
			name = Frameworks;
			sourceTree = "<group>";
		};
		C479DD95202266BF00E0A11D = {
			isa = PBXGroup;
			children = (
				C424A2462025255E00320E48 /* GETracing.framework */,
				C424A2432025254500320E48 /* GEFoundation.framework */,
				C479DDA0202266BF00E0A11D /* SimulatorRecorder */,
				C479DDB3202266C000E0A11D /* SimulatorRecorderTests */,
				C479DDBE202266C000E0A11D /* SimulatorRecorderUITests */,
				C424A2372025244600320E48 /* Frameworks */,
				C479DD9F202266BF00E0A11D /* Products */,
				B1545BF5E53EBFF186E3EF84 /* Pods */,
			);
			sourceTree = "<group>";
			usesTabs = 1;
		};
		C479DD9F202266BF00E0A11D /* Products */ = {
			isa = PBXGroup;
			children = (
				C479DD9E202266BF00E0A11D /* SimulatorRecorder.app */,
				C479DDB0202266C000E0A11D /* SimulatorRecorderTests.xctest */,
				C479DDBB202266C000E0A11D /* SimulatorRecorderUITests.xctest */,
			);
			name = Products;
			sourceTree = "<group>";
		};
		C479DDA0202266BF00E0A11D /* SimulatorRecorder */ = {
			isa = PBXGroup;
			children = (
				C479DDA1202266BF00E0A11D /* AppDelegate.swift */,
				C461E54B2050FBAA0063D5C5 /* GlobalKeyboardShortcutMonitor.swift */,
				C41152AD20292F7D00DDB293 /* PreferencesWindowController.swift */,
				C424A24D2025A88B00320E48 /* main.swift */,
				C41152A720290B1D00DDB293 /* DefaultsRegistration.swift */,
				C479DDA3202266BF00E0A11D /* ViewController.swift */,
				A181382A20FF221A002CCD7C /* RecordingController.swift */,
				C4844F1C202A722100FFB5BA /* PopUpButtonLikePathControl.swift */,
				C41152A52028F78300DDB293 /* PathFromFilePathOrURLTransformer.swift */,
				C479DDE02023EA8E00E0A11D /* RecordingNamingPreferencesViewController.swift */,
				C479DDE22023ECE100E0A11D /* RecordingNameFieldDelegate.swift */,
				C479DDE42023FEE800E0A11D /* RecordingNameTokenObject.swift */,
				A1A19F5B202A2498004170D8 /* RecordingNameFormatTransformer.swift */,
				C4AC52F7202662C2005A0FCD /* RecordingNameToken.swift */,
				C479DDA5202266BF00E0A11D /* Assets.xcassets */,
				C41152A920291E8C00DDB293 /* StatusItemController.swift */,
				C41152AB2029224000DDB293 /* StatusItem.xib */,
				C479DDA7202266BF00E0A11D /* Main.storyboard */,
				C4844F19202A5B7500FFB5BA /* Preferences.storyboard */,
				C479DDCE20226B2300E0A11D /* simulatorName */,
				C479DDCF20226B2400E0A11D /* recordVideo */,
				C479DDDA20227A7900E0A11D /* timestamp */,
				C479DDAA202266BF00E0A11D /* Info.plist */,
				C479DDAB202266BF00E0A11D /* SimulatorRecorder.entitlements */,
				C41F4C352028B3200090E79B /* Defaults.plist */,
			);
			path = SimulatorRecorder;
			sourceTree = "<group>";
		};
		C479DDB3202266C000E0A11D /* SimulatorRecorderTests */ = {
			isa = PBXGroup;
			children = (
				C479DDB4202266C000E0A11D /* SimulatorRecorderTests.swift */,
				C479DDB6202266C000E0A11D /* Info.plist */,
			);
			path = SimulatorRecorderTests;
			sourceTree = "<group>";
		};
		C479DDBE202266C000E0A11D /* SimulatorRecorderUITests */ = {
			isa = PBXGroup;
			children = (
				C479DDBF202266C000E0A11D /* SimulatorRecorderUITests.swift */,
				C479DDC1202266C000E0A11D /* Info.plist */,
			);
			path = SimulatorRecorderUITests;
			sourceTree = "<group>";
		};
/* End PBXGroup section */

/* Begin PBXNativeTarget section */
		C479DD9D202266BF00E0A11D /* SimulatorRecorder */ = {
			isa = PBXNativeTarget;
			buildConfigurationList = C479DDC4202266C000E0A11D /* Build configuration list for PBXNativeTarget "SimulatorRecorder" */;
			buildPhases = (
				81396A235C945C642D8C7A0D /* [CP] Check Pods Manifest.lock */,
				C479DD9A202266BF00E0A11D /* Sources */,
				C479DD9B202266BF00E0A11D /* Frameworks */,
				C479DD9C202266BF00E0A11D /* Resources */,
				C479DDE620241D9100E0A11D /* Embed Source Version into Bundle */,
				C4FDFCB6202522710017DF19 /* Embed Frameworks */,
				5035D22810B4C0D71550C940 /* Embed Sources */,
				6515056E9486FABD06960DAA /* [CP] Embed Pods Frameworks */,
			);
			buildRules = (
			);
			dependencies = (
			);
			name = SimulatorRecorder;
			productName = SimulatorRecorder;
			productReference = C479DD9E202266BF00E0A11D /* SimulatorRecorder.app */;
			productType = "com.apple.product-type.application";
		};
		C479DDAF202266C000E0A11D /* SimulatorRecorderTests */ = {
			isa = PBXNativeTarget;
			buildConfigurationList = C479DDC7202266C000E0A11D /* Build configuration list for PBXNativeTarget "SimulatorRecorderTests" */;
			buildPhases = (
				C994784C68D954A37B2CFAEF /* [CP] Check Pods Manifest.lock */,
				C479DDAC202266C000E0A11D /* Sources */,
				C479DDAD202266C000E0A11D /* Frameworks */,
				C479DDAE202266C000E0A11D /* Resources */,
				78D777791D9839579BD31EC4 /* Embed Sources */,
			);
			buildRules = (
			);
			dependencies = (
				C479DDB2202266C000E0A11D /* PBXTargetDependency */,
			);
			name = SimulatorRecorderTests;
			productName = SimulatorRecorderTests;
			productReference = C479DDB0202266C000E0A11D /* SimulatorRecorderTests.xctest */;
			productType = "com.apple.product-type.bundle.unit-test";
		};
		C479DDBA202266C000E0A11D /* SimulatorRecorderUITests */ = {
			isa = PBXNativeTarget;
			buildConfigurationList = C479DDCA202266C000E0A11D /* Build configuration list for PBXNativeTarget "SimulatorRecorderUITests" */;
			buildPhases = (
				4231E7917A4A41075A3A3184 /* [CP] Check Pods Manifest.lock */,
				C479DDB7202266C000E0A11D /* Sources */,
				C479DDB8202266C000E0A11D /* Frameworks */,
				C479DDB9202266C000E0A11D /* Resources */,
				E48B8222079AB804F68CD8A3 /* Embed Sources */,
			);
			buildRules = (
			);
			dependencies = (
				C479DDBD202266C000E0A11D /* PBXTargetDependency */,
			);
			name = SimulatorRecorderUITests;
			productName = SimulatorRecorderUITests;
			productReference = C479DDBB202266C000E0A11D /* SimulatorRecorderUITests.xctest */;
			productType = "com.apple.product-type.bundle.ui-testing";
		};
/* End PBXNativeTarget section */

/* Begin PBXProject section */
		C479DD96202266BF00E0A11D /* Project object */ = {
			isa = PBXProject;
			attributes = {
				LastSwiftUpdateCheck = 0920;
				LastUpgradeCheck = 0940;
				ORGANIZATIONNAME = "Grigory Entin";
				TargetAttributes = {
					C479DD9D202266BF00E0A11D = {
						CreatedOnToolsVersion = 9.2;
						LastSwiftMigration = 1000;
						ProvisioningStyle = Automatic;
						SystemCapabilities = {
							com.apple.Sandbox = {
								enabled = 0;
							};
						};
					};
					C479DDAF202266C000E0A11D = {
						CreatedOnToolsVersion = 9.2;
						ProvisioningStyle = Automatic;
						TestTargetID = C479DD9D202266BF00E0A11D;
					};
					C479DDBA202266C000E0A11D = {
						CreatedOnToolsVersion = 9.2;
						ProvisioningStyle = Automatic;
						TestTargetID = C479DD9D202266BF00E0A11D;
					};
				};
			};
			buildConfigurationList = C479DD99202266BF00E0A11D /* Build configuration list for PBXProject "SimulatorRecorder" */;
			compatibilityVersion = "Xcode 8.0";
			developmentRegion = en;
			hasScannedForEncodings = 0;
			knownRegions = (
				en,
				Base,
			);
			mainGroup = C479DD95202266BF00E0A11D;
			productRefGroup = C479DD9F202266BF00E0A11D /* Products */;
			projectDirPath = "";
			projectRoot = "";
			targets = (
				C479DD9D202266BF00E0A11D /* SimulatorRecorder */,
				C479DDAF202266C000E0A11D /* SimulatorRecorderTests */,
				C479DDBA202266C000E0A11D /* SimulatorRecorderUITests */,
			);
		};
/* End PBXProject section */

/* Begin PBXResourcesBuildPhase section */
		C479DD9C202266BF00E0A11D /* Resources */ = {
			isa = PBXResourcesBuildPhase;
			buildActionMask = 2147483647;
			files = (
				C479DDA6202266BF00E0A11D /* Assets.xcassets in Resources */,
				C479DDA9202266BF00E0A11D /* Main.storyboard in Resources */,
				C41F4C362028B3200090E79B /* Defaults.plist in Resources */,
				C41152AC2029224000DDB293 /* StatusItem.xib in Resources */,
				C479DDDB20227A7900E0A11D /* timestamp in Resources */,
				C479DDD720226D8200E0A11D /* simulatorName in Resources */,
				C479DDD820226D8200E0A11D /* recordVideo in Resources */,
				C4844F1B202A5BA100FFB5BA /* Preferences.storyboard in Resources */,
			);
			runOnlyForDeploymentPostprocessing = 0;
		};
		C479DDAE202266C000E0A11D /* Resources */ = {
			isa = PBXResourcesBuildPhase;
			buildActionMask = 2147483647;
			files = (
			);
			runOnlyForDeploymentPostprocessing = 0;
		};
		C479DDB9202266C000E0A11D /* Resources */ = {
			isa = PBXResourcesBuildPhase;
			buildActionMask = 2147483647;
			files = (
			);
			runOnlyForDeploymentPostprocessing = 0;
		};
/* End PBXResourcesBuildPhase section */

/* Begin PBXShellScriptBuildPhase section */
		4231E7917A4A41075A3A3184 /* [CP] Check Pods Manifest.lock */ = {
			isa = PBXShellScriptBuildPhase;
			buildActionMask = 2147483647;
			files = (
			);
			inputPaths = (
				"${PODS_PODFILE_DIR_PATH}/Podfile.lock",
				"${PODS_ROOT}/Manifest.lock",
			);
			name = "[CP] Check Pods Manifest.lock";
			outputPaths = (
				"$(DERIVED_FILE_DIR)/Pods-SimulatorRecorderUITests-checkManifestLockResult.txt",
			);
			runOnlyForDeploymentPostprocessing = 0;
			shellPath = /bin/sh;
			shellScript = "diff \"${PODS_PODFILE_DIR_PATH}/Podfile.lock\" \"${PODS_ROOT}/Manifest.lock\" > /dev/null\nif [ $? != 0 ] ; then\n    # print error to STDERR\n    echo \"error: The sandbox is not in sync with the Podfile.lock. Run 'pod install' or update your CocoaPods installation.\" >&2\n    exit 1\nfi\n# This output is used by Xcode 'outputs' to avoid re-running this script phase.\necho \"SUCCESS\" > \"${SCRIPT_OUTPUT_FILE_0}\"\n";
			showEnvVarsInLog = 0;
		};
		6515056E9486FABD06960DAA /* [CP] Embed Pods Frameworks */ = {
			isa = PBXShellScriptBuildPhase;
			buildActionMask = 2147483647;
			files = (
			);
			inputPaths = (
				"${SRCROOT}/Pods/Target Support Files/Pods-SimulatorRecorder/Pods-SimulatorRecorder-frameworks.sh",
				"${BUILT_PRODUCTS_DIR}/MASShortcut/MASShortcut.framework",
			);
			name = "[CP] Embed Pods Frameworks";
			outputPaths = (
				"${TARGET_BUILD_DIR}/${FRAMEWORKS_FOLDER_PATH}/MASShortcut.framework",
			);
			runOnlyForDeploymentPostprocessing = 0;
			shellPath = /bin/sh;
			shellScript = "\"${SRCROOT}/Pods/Target Support Files/Pods-SimulatorRecorder/Pods-SimulatorRecorder-frameworks.sh\"\n";
			showEnvVarsInLog = 0;
		};
		81396A235C945C642D8C7A0D /* [CP] Check Pods Manifest.lock */ = {
			isa = PBXShellScriptBuildPhase;
			buildActionMask = 2147483647;
			files = (
			);
			inputPaths = (
				"${PODS_PODFILE_DIR_PATH}/Podfile.lock",
				"${PODS_ROOT}/Manifest.lock",
			);
			name = "[CP] Check Pods Manifest.lock";
			outputPaths = (
				"$(DERIVED_FILE_DIR)/Pods-SimulatorRecorder-checkManifestLockResult.txt",
			);
			runOnlyForDeploymentPostprocessing = 0;
			shellPath = /bin/sh;
			shellScript = "diff \"${PODS_PODFILE_DIR_PATH}/Podfile.lock\" \"${PODS_ROOT}/Manifest.lock\" > /dev/null\nif [ $? != 0 ] ; then\n    # print error to STDERR\n    echo \"error: The sandbox is not in sync with the Podfile.lock. Run 'pod install' or update your CocoaPods installation.\" >&2\n    exit 1\nfi\n# This output is used by Xcode 'outputs' to avoid re-running this script phase.\necho \"SUCCESS\" > \"${SCRIPT_OUTPUT_FILE_0}\"\n";
			showEnvVarsInLog = 0;
		};
		C479DDE620241D9100E0A11D /* Embed Source Version into Bundle */ = {
			isa = PBXShellScriptBuildPhase;
			buildActionMask = 8;
			files = (
			);
			inputPaths = (
			);
			name = "Embed Source Version into Bundle";
			outputPaths = (
			);
			runOnlyForDeploymentPostprocessing = 1;
			shellPath = "/bin/sh -ex";
			shellScript = "\"${GE_XCODE_BUILD_PHASES:?}\"/EmbedSourceVersionIntoBundle\n";
			showEnvVarsInLog = 0;
		};
		C994784C68D954A37B2CFAEF /* [CP] Check Pods Manifest.lock */ = {
			isa = PBXShellScriptBuildPhase;
			buildActionMask = 2147483647;
			files = (
			);
			inputPaths = (
				"${PODS_PODFILE_DIR_PATH}/Podfile.lock",
				"${PODS_ROOT}/Manifest.lock",
			);
			name = "[CP] Check Pods Manifest.lock";
			outputPaths = (
				"$(DERIVED_FILE_DIR)/Pods-SimulatorRecorderTests-checkManifestLockResult.txt",
			);
			runOnlyForDeploymentPostprocessing = 0;
			shellPath = /bin/sh;
			shellScript = "diff \"${PODS_PODFILE_DIR_PATH}/Podfile.lock\" \"${PODS_ROOT}/Manifest.lock\" > /dev/null\nif [ $? != 0 ] ; then\n    # print error to STDERR\n    echo \"error: The sandbox is not in sync with the Podfile.lock. Run 'pod install' or update your CocoaPods installation.\" >&2\n    exit 1\nfi\n# This output is used by Xcode 'outputs' to avoid re-running this script phase.\necho \"SUCCESS\" > \"${SCRIPT_OUTPUT_FILE_0}\"\n";
			showEnvVarsInLog = 0;
		};
/* End PBXShellScriptBuildPhase section */

/* Begin PBXSourcesBuildPhase section */
		C479DD9A202266BF00E0A11D /* Sources */ = {
			isa = PBXSourcesBuildPhase;
			buildActionMask = 2147483647;
			files = (
				C479DDA4202266BF00E0A11D /* ViewController.swift in Sources */,
				C41152A62028F78300DDB293 /* PathFromFilePathOrURLTransformer.swift in Sources */,
				C479DDA2202266BF00E0A11D /* AppDelegate.swift in Sources */,
				C424A24E2025A88B00320E48 /* main.swift in Sources */,
				A181382B20FF221A002CCD7C /* RecordingController.swift in Sources */,
				C461E54C2050FBAA0063D5C5 /* GlobalKeyboardShortcutMonitor.swift in Sources */,
				C424A24B202529C100320E48 /* ModuleExports-GETracing.swift in Sources */,
				C4844F1D202A722100FFB5BA /* PopUpButtonLikePathControl.swift in Sources */,
				C479DDE32023ECE100E0A11D /* RecordingNameFieldDelegate.swift in Sources */,
				C479DDE12023EA8E00E0A11D /* RecordingNamingPreferencesViewController.swift in Sources */,
				A1A19F5C202A2498004170D8 /* RecordingNameFormatTransformer.swift in Sources */,
				C479DDE52023FEE800E0A11D /* RecordingNameTokenObject.swift in Sources */,
				C41152AA20291E8C00DDB293 /* StatusItemController.swift in Sources */,
				C41152AE20292F7D00DDB293 /* PreferencesWindowController.swift in Sources */,
				C4AC52F8202662C2005A0FCD /* RecordingNameToken.swift in Sources */,
				C424A24C202529C100320E48 /* ModuleExports-GEFoundation.swift in Sources */,
				C41152A820290B1D00DDB293 /* DefaultsRegistration.swift in Sources */,
			);
			runOnlyForDeploymentPostprocessing = 0;
		};
		C479DDAC202266C000E0A11D /* Sources */ = {
			isa = PBXSourcesBuildPhase;
			buildActionMask = 2147483647;
			files = (
				C479DDB5202266C000E0A11D /* SimulatorRecorderTests.swift in Sources */,
			);
			runOnlyForDeploymentPostprocessing = 0;
		};
		C479DDB7202266C000E0A11D /* Sources */ = {
			isa = PBXSourcesBuildPhase;
			buildActionMask = 2147483647;
			files = (
				C479DDC0202266C000E0A11D /* SimulatorRecorderUITests.swift in Sources */,
			);
			runOnlyForDeploymentPostprocessing = 0;
		};
/* End PBXSourcesBuildPhase section */

/* Begin PBXTargetDependency section */
		C479DDB2202266C000E0A11D /* PBXTargetDependency */ = {
			isa = PBXTargetDependency;
			target = C479DD9D202266BF00E0A11D /* SimulatorRecorder */;
			targetProxy = C479DDB1202266C000E0A11D /* PBXContainerItemProxy */;
		};
		C479DDBD202266C000E0A11D /* PBXTargetDependency */ = {
			isa = PBXTargetDependency;
			target = C479DD9D202266BF00E0A11D /* SimulatorRecorder */;
			targetProxy = C479DDBC202266C000E0A11D /* PBXContainerItemProxy */;
		};
/* End PBXTargetDependency section */

/* Begin PBXVariantGroup section */
		C479DDA7202266BF00E0A11D /* Main.storyboard */ = {
			isa = PBXVariantGroup;
			children = (
				C479DDA8202266BF00E0A11D /* Base */,
			);
			name = Main.storyboard;
			sourceTree = "<group>";
		};
		C4844F19202A5B7500FFB5BA /* Preferences.storyboard */ = {
			isa = PBXVariantGroup;
			children = (
				C4844F1A202A5B7600FFB5BA /* Base */,
			);
			name = Preferences.storyboard;
			sourceTree = "<group>";
		};
/* End PBXVariantGroup section */

/* Begin XCBuildConfiguration section */
		C479DDC2202266C000E0A11D /* Debug */ = {
			isa = XCBuildConfiguration;
			buildSettings = {
				ALWAYS_SEARCH_USER_PATHS = NO;
				CLANG_ANALYZER_NONNULL = YES;
				CLANG_ANALYZER_NUMBER_OBJECT_CONVERSION = YES_AGGRESSIVE;
				CLANG_CXX_LANGUAGE_STANDARD = "gnu++14";
				CLANG_CXX_LIBRARY = "libc++";
				CLANG_ENABLE_MODULES = YES;
				CLANG_ENABLE_OBJC_ARC = YES;
				CLANG_WARN_BLOCK_CAPTURE_AUTORELEASING = YES;
				CLANG_WARN_BOOL_CONVERSION = YES;
				CLANG_WARN_COMMA = YES;
				CLANG_WARN_CONSTANT_CONVERSION = YES;
				CLANG_WARN_DEPRECATED_OBJC_IMPLEMENTATIONS = YES;
				CLANG_WARN_DIRECT_OBJC_ISA_USAGE = YES_ERROR;
				CLANG_WARN_DOCUMENTATION_COMMENTS = YES;
				CLANG_WARN_EMPTY_BODY = YES;
				CLANG_WARN_ENUM_CONVERSION = YES;
				CLANG_WARN_INFINITE_RECURSION = YES;
				CLANG_WARN_INT_CONVERSION = YES;
				CLANG_WARN_NON_LITERAL_NULL_CONVERSION = YES;
				CLANG_WARN_OBJC_IMPLICIT_RETAIN_SELF = YES;
				CLANG_WARN_OBJC_LITERAL_CONVERSION = YES;
				CLANG_WARN_OBJC_ROOT_CLASS = YES_ERROR;
				CLANG_WARN_RANGE_LOOP_ANALYSIS = YES;
				CLANG_WARN_STRICT_PROTOTYPES = YES;
				CLANG_WARN_SUSPICIOUS_MOVE = YES;
				CLANG_WARN_UNGUARDED_AVAILABILITY = YES_AGGRESSIVE;
				CLANG_WARN_UNREACHABLE_CODE = YES;
				CLANG_WARN__DUPLICATE_METHOD_MATCH = YES;
				CODE_SIGN_IDENTITY = "Mac Developer";
				COPY_PHASE_STRIP = NO;
				DEBUG_INFORMATION_FORMAT = dwarf;
				ENABLE_STRICT_OBJC_MSGSEND = YES;
				ENABLE_TESTABILITY = YES;
				GCC_C_LANGUAGE_STANDARD = gnu11;
				GCC_DYNAMIC_NO_PIC = NO;
				GCC_NO_COMMON_BLOCKS = YES;
				GCC_OPTIMIZATION_LEVEL = 0;
				GCC_PREPROCESSOR_DEFINITIONS = (
					"DEBUG=1",
					"$(inherited)",
				);
				GCC_WARN_64_TO_32_BIT_CONVERSION = YES;
				GCC_WARN_ABOUT_RETURN_TYPE = YES_ERROR;
				GCC_WARN_UNDECLARED_SELECTOR = YES;
				GCC_WARN_UNINITIALIZED_AUTOS = YES_AGGRESSIVE;
				GCC_WARN_UNUSED_FUNCTION = YES;
				GCC_WARN_UNUSED_VARIABLE = YES;
				GE_XCODE_BUILD_PHASES = "$(SRCROOT)/XcodeBuildPhases";
				MACOSX_DEPLOYMENT_TARGET = 10.13;
				MTL_ENABLE_DEBUG_INFO = YES;
				ONLY_ACTIVE_ARCH = YES;
				SDKROOT = macosx;
				SWIFT_ACTIVE_COMPILATION_CONDITIONS = DEBUG;
				SWIFT_OPTIMIZATION_LEVEL = "-Onone";
			};
			name = Debug;
		};
		C479DDC3202266C000E0A11D /* Release */ = {
			isa = XCBuildConfiguration;
			buildSettings = {
				ALWAYS_SEARCH_USER_PATHS = NO;
				CLANG_ANALYZER_NONNULL = YES;
				CLANG_ANALYZER_NUMBER_OBJECT_CONVERSION = YES_AGGRESSIVE;
				CLANG_CXX_LANGUAGE_STANDARD = "gnu++14";
				CLANG_CXX_LIBRARY = "libc++";
				CLANG_ENABLE_MODULES = YES;
				CLANG_ENABLE_OBJC_ARC = YES;
				CLANG_WARN_BLOCK_CAPTURE_AUTORELEASING = YES;
				CLANG_WARN_BOOL_CONVERSION = YES;
				CLANG_WARN_COMMA = YES;
				CLANG_WARN_CONSTANT_CONVERSION = YES;
				CLANG_WARN_DEPRECATED_OBJC_IMPLEMENTATIONS = YES;
				CLANG_WARN_DIRECT_OBJC_ISA_USAGE = YES_ERROR;
				CLANG_WARN_DOCUMENTATION_COMMENTS = YES;
				CLANG_WARN_EMPTY_BODY = YES;
				CLANG_WARN_ENUM_CONVERSION = YES;
				CLANG_WARN_INFINITE_RECURSION = YES;
				CLANG_WARN_INT_CONVERSION = YES;
				CLANG_WARN_NON_LITERAL_NULL_CONVERSION = YES;
				CLANG_WARN_OBJC_IMPLICIT_RETAIN_SELF = YES;
				CLANG_WARN_OBJC_LITERAL_CONVERSION = YES;
				CLANG_WARN_OBJC_ROOT_CLASS = YES_ERROR;
				CLANG_WARN_RANGE_LOOP_ANALYSIS = YES;
				CLANG_WARN_STRICT_PROTOTYPES = YES;
				CLANG_WARN_SUSPICIOUS_MOVE = YES;
				CLANG_WARN_UNGUARDED_AVAILABILITY = YES_AGGRESSIVE;
				CLANG_WARN_UNREACHABLE_CODE = YES;
				CLANG_WARN__DUPLICATE_METHOD_MATCH = YES;
				CODE_SIGN_IDENTITY = "Mac Developer";
				COPY_PHASE_STRIP = NO;
				DEBUG_INFORMATION_FORMAT = "dwarf-with-dsym";
				ENABLE_NS_ASSERTIONS = NO;
				ENABLE_STRICT_OBJC_MSGSEND = YES;
				GCC_C_LANGUAGE_STANDARD = gnu11;
				GCC_NO_COMMON_BLOCKS = YES;
				GCC_WARN_64_TO_32_BIT_CONVERSION = YES;
				GCC_WARN_ABOUT_RETURN_TYPE = YES_ERROR;
				GCC_WARN_UNDECLARED_SELECTOR = YES;
				GCC_WARN_UNINITIALIZED_AUTOS = YES_AGGRESSIVE;
				GCC_WARN_UNUSED_FUNCTION = YES;
				GCC_WARN_UNUSED_VARIABLE = YES;
				GE_XCODE_BUILD_PHASES = "$(SRCROOT)/XcodeBuildPhases";
				MACOSX_DEPLOYMENT_TARGET = 10.13;
				MTL_ENABLE_DEBUG_INFO = NO;
				SDKROOT = macosx;
				SWIFT_OPTIMIZATION_LEVEL = "-Owholemodule";
			};
			name = Release;
		};
		C479DDC5202266C000E0A11D /* Debug */ = {
			isa = XCBuildConfiguration;
			baseConfigurationReference = 92F9D9920FB0F54C94E57ACE /* Pods-SimulatorRecorder.debug.xcconfig */;
			buildSettings = {
				ASSETCATALOG_COMPILER_APPICON_NAME = AppIcon;
				CLANG_ENABLE_MODULES = YES;
				CODE_SIGN_IDENTITY = "Mac Developer";
				CODE_SIGN_STYLE = Automatic;
				COMBINE_HIDPI_IMAGES = YES;
				DEVELOPMENT_TEAM = 465NA5BW7E;
				INFOPLIST_FILE = SimulatorRecorder/Info.plist;
				LD_RUNPATH_SEARCH_PATHS = "$(inherited) @executable_path/../Frameworks";
				PRODUCT_BUNDLE_IDENTIFIER = com.grigorye.SimulatorRecorder;
				PRODUCT_NAME = "$(TARGET_NAME)";
				PROVISIONING_PROFILE_SPECIFIER = "";
				SWIFT_OPTIMIZATION_LEVEL = "-Onone";
				SWIFT_VERSION = 4.0;
			};
			name = Debug;
		};
		C479DDC6202266C000E0A11D /* Release */ = {
			isa = XCBuildConfiguration;
			baseConfigurationReference = 8D6F775ADA34B77398F2FCEA /* Pods-SimulatorRecorder.release.xcconfig */;
			buildSettings = {
				ASSETCATALOG_COMPILER_APPICON_NAME = AppIcon;
				CLANG_ENABLE_MODULES = YES;
				CODE_SIGN_IDENTITY = "Mac Developer";
				CODE_SIGN_STYLE = Automatic;
				COMBINE_HIDPI_IMAGES = YES;
				DEVELOPMENT_TEAM = 465NA5BW7E;
				INFOPLIST_FILE = SimulatorRecorder/Info.plist;
				LD_RUNPATH_SEARCH_PATHS = "$(inherited) @executable_path/../Frameworks";
				PRODUCT_BUNDLE_IDENTIFIER = com.grigorye.SimulatorRecorder;
				PRODUCT_NAME = "$(TARGET_NAME)";
				PROVISIONING_PROFILE_SPECIFIER = "";
				SWIFT_VERSION = 4.0;
			};
			name = Release;
		};
		C479DDC8202266C000E0A11D /* Debug */ = {
			isa = XCBuildConfiguration;
			baseConfigurationReference = E19E267D03B721D6BA1FB690 /* Pods-SimulatorRecorderTests.debug.xcconfig */;
			buildSettings = {
				ALWAYS_EMBED_SWIFT_STANDARD_LIBRARIES = YES;
				BUNDLE_LOADER = "$(TEST_HOST)";
				CODE_SIGN_STYLE = Automatic;
				COMBINE_HIDPI_IMAGES = YES;
				DEVELOPMENT_TEAM = 465NA5BW7E;
				INFOPLIST_FILE = SimulatorRecorderTests/Info.plist;
				LD_RUNPATH_SEARCH_PATHS = "$(inherited) @executable_path/../Frameworks @loader_path/../Frameworks";
				PRODUCT_BUNDLE_IDENTIFIER = com.grigorye.SimulatorRecorderTests;
				PRODUCT_NAME = "$(TARGET_NAME)";
				SWIFT_VERSION = 4.0;
				TEST_HOST = "$(BUILT_PRODUCTS_DIR)/SimulatorRecorder.app/Contents/MacOS/SimulatorRecorder";
			};
			name = Debug;
		};
		C479DDC9202266C000E0A11D /* Release */ = {
			isa = XCBuildConfiguration;
			baseConfigurationReference = 7E9FBEE26376050C9EF5D545 /* Pods-SimulatorRecorderTests.release.xcconfig */;
			buildSettings = {
				ALWAYS_EMBED_SWIFT_STANDARD_LIBRARIES = YES;
				BUNDLE_LOADER = "$(TEST_HOST)";
				CODE_SIGN_STYLE = Automatic;
				COMBINE_HIDPI_IMAGES = YES;
				DEVELOPMENT_TEAM = 465NA5BW7E;
				INFOPLIST_FILE = SimulatorRecorderTests/Info.plist;
				LD_RUNPATH_SEARCH_PATHS = "$(inherited) @executable_path/../Frameworks @loader_path/../Frameworks";
				PRODUCT_BUNDLE_IDENTIFIER = com.grigorye.SimulatorRecorderTests;
				PRODUCT_NAME = "$(TARGET_NAME)";
				SWIFT_VERSION = 4.0;
				TEST_HOST = "$(BUILT_PRODUCTS_DIR)/SimulatorRecorder.app/Contents/MacOS/SimulatorRecorder";
			};
			name = Release;
		};
		C479DDCB202266C000E0A11D /* Debug */ = {
			isa = XCBuildConfiguration;
			baseConfigurationReference = 9BB91CEE95052C35C796F0CF /* Pods-SimulatorRecorderUITests.debug.xcconfig */;
			buildSettings = {
				ALWAYS_EMBED_SWIFT_STANDARD_LIBRARIES = YES;
				CODE_SIGN_STYLE = Automatic;
				COMBINE_HIDPI_IMAGES = YES;
				DEVELOPMENT_TEAM = 465NA5BW7E;
				INFOPLIST_FILE = SimulatorRecorderUITests/Info.plist;
				LD_RUNPATH_SEARCH_PATHS = "$(inherited) @executable_path/../Frameworks @loader_path/../Frameworks";
				PRODUCT_BUNDLE_IDENTIFIER = com.grigorye.SimulatorRecorderUITests;
				PRODUCT_NAME = "$(TARGET_NAME)";
				SWIFT_VERSION = 4.0;
				TEST_TARGET_NAME = SimulatorRecorder;
			};
			name = Debug;
		};
		C479DDCC202266C000E0A11D /* Release */ = {
			isa = XCBuildConfiguration;
			baseConfigurationReference = 26E51917124787BE1677B1D1 /* Pods-SimulatorRecorderUITests.release.xcconfig */;
			buildSettings = {
				ALWAYS_EMBED_SWIFT_STANDARD_LIBRARIES = YES;
				CODE_SIGN_STYLE = Automatic;
				COMBINE_HIDPI_IMAGES = YES;
				DEVELOPMENT_TEAM = 465NA5BW7E;
				INFOPLIST_FILE = SimulatorRecorderUITests/Info.plist;
				LD_RUNPATH_SEARCH_PATHS = "$(inherited) @executable_path/../Frameworks @loader_path/../Frameworks";
				PRODUCT_BUNDLE_IDENTIFIER = com.grigorye.SimulatorRecorderUITests;
				PRODUCT_NAME = "$(TARGET_NAME)";
				SWIFT_VERSION = 4.0;
				TEST_TARGET_NAME = SimulatorRecorder;
			};
			name = Release;
		};
/* End XCBuildConfiguration section */

/* Begin XCConfigurationList section */
		C479DD99202266BF00E0A11D /* Build configuration list for PBXProject "SimulatorRecorder" */ = {
			isa = XCConfigurationList;
			buildConfigurations = (
				C479DDC2202266C000E0A11D /* Debug */,
				C479DDC3202266C000E0A11D /* Release */,
			);
			defaultConfigurationIsVisible = 0;
			defaultConfigurationName = Release;
		};
		C479DDC4202266C000E0A11D /* Build configuration list for PBXNativeTarget "SimulatorRecorder" */ = {
			isa = XCConfigurationList;
			buildConfigurations = (
				C479DDC5202266C000E0A11D /* Debug */,
				C479DDC6202266C000E0A11D /* Release */,
			);
			defaultConfigurationIsVisible = 0;
			defaultConfigurationName = Release;
		};
		C479DDC7202266C000E0A11D /* Build configuration list for PBXNativeTarget "SimulatorRecorderTests" */ = {
			isa = XCConfigurationList;
			buildConfigurations = (
				C479DDC8202266C000E0A11D /* Debug */,
				C479DDC9202266C000E0A11D /* Release */,
			);
			defaultConfigurationIsVisible = 0;
			defaultConfigurationName = Release;
		};
		C479DDCA202266C000E0A11D /* Build configuration list for PBXNativeTarget "SimulatorRecorderUITests" */ = {
			isa = XCConfigurationList;
			buildConfigurations = (
				C479DDCB202266C000E0A11D /* Debug */,
				C479DDCC202266C000E0A11D /* Release */,
			);
			defaultConfigurationIsVisible = 0;
			defaultConfigurationName = Release;
		};
/* End XCConfigurationList section */
	};
	rootObject = C479DD96202266BF00E0A11D /* Project object */;
}
